// !$*UTF8*$!
{
	archiveVersion = 1;
	classes = {
	};
	objectVersion = 55;
	objects = {

/* Begin PBXBuildFile section */
		A33C2A3A27D8F09F006921ED /* Localizable.strings in Resources */ = {isa = PBXBuildFile; fileRef = A33C2A0E27D8F09F006921ED /* Localizable.strings */; };
		A33C2A3D27D8F09F006921ED /* Assets.xcassets in Resources */ = {isa = PBXBuildFile; fileRef = A33C2A1127D8F09F006921ED /* Assets.xcassets */; };
		A33C2A4027D8F09F006921ED /* LaunchScreen.storyboard in Resources */ = {isa = PBXBuildFile; fileRef = A33C2A1227D8F09F006921ED /* LaunchScreen.storyboard */; };
		A33C2A4327D8F09F006921ED /* AppDelegate.swift in Sources */ = {isa = PBXBuildFile; fileRef = A33C2A1427D8F09F006921ED /* AppDelegate.swift */; };
		A33C2A4627D8F09F006921ED /* TargetType.swift in Sources */ = {isa = PBXBuildFile; fileRef = A33C2A1627D8F09F006921ED /* TargetType.swift */; };
		A33C2A4927D8F09F006921ED /* BaseAPI.swift in Sources */ = {isa = PBXBuildFile; fileRef = A33C2A1727D8F09F006921ED /* BaseAPI.swift */; };
		A33C2A4C27D8F09F006921ED /* RepositoriesAPI.swift in Sources */ = {isa = PBXBuildFile; fileRef = A33C2A1927D8F09F006921ED /* RepositoriesAPI.swift */; };
		A33C2A4F27D8F09F006921ED /* RepositoriesNetworking.swift in Sources */ = {isa = PBXBuildFile; fileRef = A33C2A1A27D8F09F006921ED /* RepositoriesNetworking.swift */; };
		A33C2A5227D8F09F006921ED /* Constants.swift in Sources */ = {isa = PBXBuildFile; fileRef = A33C2A1C27D8F09F006921ED /* Constants.swift */; };
		A33C2A5527D8F09F006921ED /* Interactor.swift in Sources */ = {isa = PBXBuildFile; fileRef = A33C2A1D27D8F09F006921ED /* Interactor.swift */; };
		A33C2A5827D8F09F006921ED /* ExtensionsDate.swift in Sources */ = {isa = PBXBuildFile; fileRef = A33C2A1F27D8F09F006921ED /* ExtensionsDate.swift */; };
		A33C2A5B27D8F09F006921ED /* ExtensionsString.swift in Sources */ = {isa = PBXBuildFile; fileRef = A33C2A2027D8F09F006921ED /* ExtensionsString.swift */; };
		A33C2A5E27D8F09F006921ED /* ExtensionViewController.swift in Sources */ = {isa = PBXBuildFile; fileRef = A33C2A2127D8F09F006921ED /* ExtensionViewController.swift */; };
		A33C2A6127D8F09F006921ED /* Presenter.swift in Sources */ = {isa = PBXBuildFile; fileRef = A33C2A2227D8F09F006921ED /* Presenter.swift */; };
		A33C2A6427D8F09F006921ED /* User.swift in Sources */ = {isa = PBXBuildFile; fileRef = A33C2A2427D8F09F006921ED /* User.swift */; };
		A33C2A6727D8F09F006921ED /* Router.swift in Sources */ = {isa = PBXBuildFile; fileRef = A33C2A2627D8F09F006921ED /* Router.swift */; };
		A33C2A6A27D8F09F006921ED /* CreateUserView.xib in Resources */ = {isa = PBXBuildFile; fileRef = A33C2A2927D8F09F006921ED /* CreateUserView.xib */; };
		A33C2A6D27D8F09F006921ED /* CreateUserViewController.swift in Sources */ = {isa = PBXBuildFile; fileRef = A33C2A2A27D8F09F006921ED /* CreateUserViewController.swift */; };
		A33C2A7027D8F09F006921ED /* CreateUserInteractor.swift in Sources */ = {isa = PBXBuildFile; fileRef = A33C2A2B27D8F09F006921ED /* CreateUserInteractor.swift */; };
		A33C2A7327D8F09F006921ED /* CreateUserPresenter.swift in Sources */ = {isa = PBXBuildFile; fileRef = A33C2A2C27D8F09F006921ED /* CreateUserPresenter.swift */; };
		A33C2A7627D8F09F006921ED /* ListUsersView.xib in Resources */ = {isa = PBXBuildFile; fileRef = A33C2A2E27D8F09F006921ED /* ListUsersView.xib */; };
		A33C2A7927D8F09F006921ED /* ListUsersViewController.swift in Sources */ = {isa = PBXBuildFile; fileRef = A33C2A2F27D8F09F006921ED /* ListUsersViewController.swift */; };
		A33C2A7C27D8F09F006921ED /* ListUsersPresenter.swift in Sources */ = {isa = PBXBuildFile; fileRef = A33C2A3027D8F09F006921ED /* ListUsersPresenter.swift */; };
		A33C2A7F27D8F09F006921ED /* UserTableViewCell.swift in Sources */ = {isa = PBXBuildFile; fileRef = A33C2A3227D8F09F006921ED /* UserTableViewCell.swift */; };
		A33C2A8227D8F09F006921ED /* UserTableViewCell.xib in Resources */ = {isa = PBXBuildFile; fileRef = A33C2A3327D8F09F006921ED /* UserTableViewCell.xib */; };
		F5FAA8BCC4071D57F785EF00 /* Pods_Hi.framework in Frameworks */ = {isa = PBXBuildFile; fileRef = A69928FDDBB7BC91479EB928 /* Pods_Hi.framework */; };
/* End PBXBuildFile section */

/* Begin PBXFileReference section */
		065C91392C434741B6C4702E /* Pods_Hi_HiUITests.framework */ = {isa = PBXFileReference; explicitFileType = wrapper.framework; includeInIndex = 0; path = Pods_Hi_HiUITests.framework; sourceTree = BUILT_PRODUCTS_DIR; };
		0FA6FBC3E9489C07D189FDA7 /* Pods-Hi-HiUITests.debug.xcconfig */ = {isa = PBXFileReference; includeInIndex = 1; lastKnownFileType = text.xcconfig; name = "Pods-Hi-HiUITests.debug.xcconfig"; path = "Target Support Files/Pods-Hi-HiUITests/Pods-Hi-HiUITests.debug.xcconfig"; sourceTree = "<group>"; };
		20041628A7DB6AA5FED5BD75 /* Pods-CoffeYeiTests.release.xcconfig */ = {isa = PBXFileReference; includeInIndex = 1; lastKnownFileType = text.xcconfig; name = "Pods-CoffeYeiTests.release.xcconfig"; path = "Target Support Files/Pods-CoffeYeiTests/Pods-CoffeYeiTests.release.xcconfig"; sourceTree = "<group>"; };
		261B2EF3E4A430E97BDB0FB2 /* Pods-Hi.release.xcconfig */ = {isa = PBXFileReference; includeInIndex = 1; lastKnownFileType = text.xcconfig; name = "Pods-Hi.release.xcconfig"; path = "Target Support Files/Pods-Hi/Pods-Hi.release.xcconfig"; sourceTree = "<group>"; };
		364B0AAA655229666C86F3C2 /* Pods-HiTests.release.xcconfig */ = {isa = PBXFileReference; includeInIndex = 1; lastKnownFileType = text.xcconfig; name = "Pods-HiTests.release.xcconfig"; path = "Target Support Files/Pods-HiTests/Pods-HiTests.release.xcconfig"; sourceTree = "<group>"; };
		58C64DF3B198F5397194F3EC /* Pods-CoffeYei.release.xcconfig */ = {isa = PBXFileReference; includeInIndex = 1; lastKnownFileType = text.xcconfig; name = "Pods-CoffeYei.release.xcconfig"; path = "Target Support Files/Pods-CoffeYei/Pods-CoffeYei.release.xcconfig"; sourceTree = "<group>"; };
		593B2AAD2DA5F5A72F04E387 /* Pods-CoffeYei-CoffeYeiUITests.release.xcconfig */ = {isa = PBXFileReference; includeInIndex = 1; lastKnownFileType = text.xcconfig; name = "Pods-CoffeYei-CoffeYeiUITests.release.xcconfig"; path = "Target Support Files/Pods-CoffeYei-CoffeYeiUITests/Pods-CoffeYei-CoffeYeiUITests.release.xcconfig"; sourceTree = "<group>"; };
		8E18BF1DCBFC2286CD85B1DD /* Pods_HiTests.framework */ = {isa = PBXFileReference; explicitFileType = wrapper.framework; includeInIndex = 0; path = Pods_HiTests.framework; sourceTree = BUILT_PRODUCTS_DIR; };
		9E680DFBD35B8D87CCCC2DEB /* Pods-HiTests.debug.xcconfig */ = {isa = PBXFileReference; includeInIndex = 1; lastKnownFileType = text.xcconfig; name = "Pods-HiTests.debug.xcconfig"; path = "Target Support Files/Pods-HiTests/Pods-HiTests.debug.xcconfig"; sourceTree = "<group>"; };
		A32F84BD27D9010700B9EE04 /* Info.plist */ = {isa = PBXFileReference; fileEncoding = 4; lastKnownFileType = text.plist.xml; path = Info.plist; sourceTree = "<group>"; };
		A33C2A0F27D8F09F006921ED /* en */ = {isa = PBXFileReference; lastKnownFileType = text.plist.strings; name = en; path = en.lproj/Localizable.strings; sourceTree = "<group>"; };
		A33C2A1027D8F09F006921ED /* es */ = {isa = PBXFileReference; lastKnownFileType = text.plist.strings; name = es; path = es.lproj/Localizable.strings; sourceTree = "<group>"; };
		A33C2A1127D8F09F006921ED /* Assets.xcassets */ = {isa = PBXFileReference; lastKnownFileType = folder.assetcatalog; path = Assets.xcassets; sourceTree = "<group>"; };
		A33C2A1327D8F09F006921ED /* Base */ = {isa = PBXFileReference; lastKnownFileType = file.storyboard; name = Base; path = Base.lproj/LaunchScreen.storyboard; sourceTree = "<group>"; };
		A33C2A1427D8F09F006921ED /* AppDelegate.swift */ = {isa = PBXFileReference; fileEncoding = 4; lastKnownFileType = sourcecode.swift; path = AppDelegate.swift; sourceTree = "<group>"; };
		A33C2A1627D8F09F006921ED /* TargetType.swift */ = {isa = PBXFileReference; fileEncoding = 4; lastKnownFileType = sourcecode.swift; path = TargetType.swift; sourceTree = "<group>"; };
		A33C2A1727D8F09F006921ED /* BaseAPI.swift */ = {isa = PBXFileReference; fileEncoding = 4; lastKnownFileType = sourcecode.swift; path = BaseAPI.swift; sourceTree = "<group>"; };
		A33C2A1927D8F09F006921ED /* RepositoriesAPI.swift */ = {isa = PBXFileReference; fileEncoding = 4; lastKnownFileType = sourcecode.swift; path = RepositoriesAPI.swift; sourceTree = "<group>"; };
		A33C2A1A27D8F09F006921ED /* RepositoriesNetworking.swift */ = {isa = PBXFileReference; fileEncoding = 4; lastKnownFileType = sourcecode.swift; path = RepositoriesNetworking.swift; sourceTree = "<group>"; };
		A33C2A1C27D8F09F006921ED /* Constants.swift */ = {isa = PBXFileReference; fileEncoding = 4; lastKnownFileType = sourcecode.swift; path = Constants.swift; sourceTree = "<group>"; };
		A33C2A1D27D8F09F006921ED /* Interactor.swift */ = {isa = PBXFileReference; fileEncoding = 4; lastKnownFileType = sourcecode.swift; path = Interactor.swift; sourceTree = "<group>"; };
		A33C2A1F27D8F09F006921ED /* ExtensionsDate.swift */ = {isa = PBXFileReference; fileEncoding = 4; lastKnownFileType = sourcecode.swift; path = ExtensionsDate.swift; sourceTree = "<group>"; };
		A33C2A2027D8F09F006921ED /* ExtensionsString.swift */ = {isa = PBXFileReference; fileEncoding = 4; lastKnownFileType = sourcecode.swift; path = ExtensionsString.swift; sourceTree = "<group>"; };
		A33C2A2127D8F09F006921ED /* ExtensionViewController.swift */ = {isa = PBXFileReference; fileEncoding = 4; lastKnownFileType = sourcecode.swift; path = ExtensionViewController.swift; sourceTree = "<group>"; };
		A33C2A2227D8F09F006921ED /* Presenter.swift */ = {isa = PBXFileReference; fileEncoding = 4; lastKnownFileType = sourcecode.swift; path = Presenter.swift; sourceTree = "<group>"; };
		A33C2A2427D8F09F006921ED /* User.swift */ = {isa = PBXFileReference; fileEncoding = 4; lastKnownFileType = sourcecode.swift; path = User.swift; sourceTree = "<group>"; };
		A33C2A2627D8F09F006921ED /* Router.swift */ = {isa = PBXFileReference; fileEncoding = 4; lastKnownFileType = sourcecode.swift; path = Router.swift; sourceTree = "<group>"; };
		A33C2A2927D8F09F006921ED /* CreateUserView.xib */ = {isa = PBXFileReference; fileEncoding = 4; lastKnownFileType = file.xib; path = CreateUserView.xib; sourceTree = "<group>"; };
		A33C2A2A27D8F09F006921ED /* CreateUserViewController.swift */ = {isa = PBXFileReference; fileEncoding = 4; lastKnownFileType = sourcecode.swift; path = CreateUserViewController.swift; sourceTree = "<group>"; };
		A33C2A2B27D8F09F006921ED /* CreateUserInteractor.swift */ = {isa = PBXFileReference; fileEncoding = 4; lastKnownFileType = sourcecode.swift; path = CreateUserInteractor.swift; sourceTree = "<group>"; };
		A33C2A2C27D8F09F006921ED /* CreateUserPresenter.swift */ = {isa = PBXFileReference; fileEncoding = 4; lastKnownFileType = sourcecode.swift; path = CreateUserPresenter.swift; sourceTree = "<group>"; };
		A33C2A2E27D8F09F006921ED /* ListUsersView.xib */ = {isa = PBXFileReference; fileEncoding = 4; lastKnownFileType = file.xib; path = ListUsersView.xib; sourceTree = "<group>"; };
		A33C2A2F27D8F09F006921ED /* ListUsersViewController.swift */ = {isa = PBXFileReference; fileEncoding = 4; lastKnownFileType = sourcecode.swift; path = ListUsersViewController.swift; sourceTree = "<group>"; };
		A33C2A3027D8F09F006921ED /* ListUsersPresenter.swift */ = {isa = PBXFileReference; fileEncoding = 4; lastKnownFileType = sourcecode.swift; path = ListUsersPresenter.swift; sourceTree = "<group>"; };
		A33C2A3227D8F09F006921ED /* UserTableViewCell.swift */ = {isa = PBXFileReference; fileEncoding = 4; lastKnownFileType = sourcecode.swift; path = UserTableViewCell.swift; sourceTree = "<group>"; };
		A33C2A3327D8F09F006921ED /* UserTableViewCell.xib */ = {isa = PBXFileReference; fileEncoding = 4; lastKnownFileType = file.xib; path = UserTableViewCell.xib; sourceTree = "<group>"; };
		A39CF05927C270C300DE5DD8 /* Hi.app */ = {isa = PBXFileReference; explicitFileType = wrapper.application; includeInIndex = 0; path = Hi.app; sourceTree = BUILT_PRODUCTS_DIR; };
		A69928FDDBB7BC91479EB928 /* Pods_Hi.framework */ = {isa = PBXFileReference; explicitFileType = wrapper.framework; includeInIndex = 0; path = Pods_Hi.framework; sourceTree = BUILT_PRODUCTS_DIR; };
		C780BB4D2B788B5A6DC3F5C7 /* Pods-Hi.debug.xcconfig */ = {isa = PBXFileReference; includeInIndex = 1; lastKnownFileType = text.xcconfig; name = "Pods-Hi.debug.xcconfig"; path = "Target Support Files/Pods-Hi/Pods-Hi.debug.xcconfig"; sourceTree = "<group>"; };
		C8CC55AB710FFAC8785FEFA4 /* Pods-CoffeYeiTests.debug.xcconfig */ = {isa = PBXFileReference; includeInIndex = 1; lastKnownFileType = text.xcconfig; name = "Pods-CoffeYeiTests.debug.xcconfig"; path = "Target Support Files/Pods-CoffeYeiTests/Pods-CoffeYeiTests.debug.xcconfig"; sourceTree = "<group>"; };
		F7F391279B849ACC1CC0CD77 /* Pods-Hi-HiUITests.release.xcconfig */ = {isa = PBXFileReference; includeInIndex = 1; lastKnownFileType = text.xcconfig; name = "Pods-Hi-HiUITests.release.xcconfig"; path = "Target Support Files/Pods-Hi-HiUITests/Pods-Hi-HiUITests.release.xcconfig"; sourceTree = "<group>"; };
		F81666D23AA9D579E01066B5 /* Pods-CoffeYei.debug.xcconfig */ = {isa = PBXFileReference; includeInIndex = 1; lastKnownFileType = text.xcconfig; name = "Pods-CoffeYei.debug.xcconfig"; path = "Target Support Files/Pods-CoffeYei/Pods-CoffeYei.debug.xcconfig"; sourceTree = "<group>"; };
		FC9C2342110D24EF977FCC4D /* Pods-CoffeYei-CoffeYeiUITests.debug.xcconfig */ = {isa = PBXFileReference; includeInIndex = 1; lastKnownFileType = text.xcconfig; name = "Pods-CoffeYei-CoffeYeiUITests.debug.xcconfig"; path = "Target Support Files/Pods-CoffeYei-CoffeYeiUITests/Pods-CoffeYei-CoffeYeiUITests.debug.xcconfig"; sourceTree = "<group>"; };
/* End PBXFileReference section */

/* Begin PBXFrameworksBuildPhase section */
		A39CF05627C270C300DE5DD8 /* Frameworks */ = {
			isa = PBXFrameworksBuildPhase;
			buildActionMask = 2147483647;
			files = (
				F5FAA8BCC4071D57F785EF00 /* Pods_Hi.framework in Frameworks */,
			);
			runOnlyForDeploymentPostprocessing = 0;
		};
/* End PBXFrameworksBuildPhase section */

/* Begin PBXGroup section */
		2379A188BF09A436BC180568 /* Pods */ = {
			isa = PBXGroup;
			children = (
				F81666D23AA9D579E01066B5 /* Pods-CoffeYei.debug.xcconfig */,
				58C64DF3B198F5397194F3EC /* Pods-CoffeYei.release.xcconfig */,
				FC9C2342110D24EF977FCC4D /* Pods-CoffeYei-CoffeYeiUITests.debug.xcconfig */,
				593B2AAD2DA5F5A72F04E387 /* Pods-CoffeYei-CoffeYeiUITests.release.xcconfig */,
				C8CC55AB710FFAC8785FEFA4 /* Pods-CoffeYeiTests.debug.xcconfig */,
				20041628A7DB6AA5FED5BD75 /* Pods-CoffeYeiTests.release.xcconfig */,
				C780BB4D2B788B5A6DC3F5C7 /* Pods-Hi.debug.xcconfig */,
				261B2EF3E4A430E97BDB0FB2 /* Pods-Hi.release.xcconfig */,
				0FA6FBC3E9489C07D189FDA7 /* Pods-Hi-HiUITests.debug.xcconfig */,
				F7F391279B849ACC1CC0CD77 /* Pods-Hi-HiUITests.release.xcconfig */,
				9E680DFBD35B8D87CCCC2DEB /* Pods-HiTests.debug.xcconfig */,
				364B0AAA655229666C86F3C2 /* Pods-HiTests.release.xcconfig */,
			);
			path = Pods;
			sourceTree = "<group>";
		};
		A33C2A0C27D8F09F006921ED /* Hi */ = {
			isa = PBXGroup;
			children = (
				A33C2A0D27D8F09F006921ED /* Commons */,
				A33C2A1527D8F09F006921ED /* Network */,
				A33C2A1B27D8F09F006921ED /* Utils */,
				A33C2A2327D8F09F006921ED /* Models */,
				A33C2A2527D8F09F006921ED /* Modules */,
			);
			path = Hi;
			sourceTree = "<group>";
		};
		A33C2A0D27D8F09F006921ED /* Commons */ = {
			isa = PBXGroup;
			children = (
				A32F84BD27D9010700B9EE04 /* Info.plist */,
				A33C2A0E27D8F09F006921ED /* Localizable.strings */,
				A33C2A1127D8F09F006921ED /* Assets.xcassets */,
				A33C2A1227D8F09F006921ED /* LaunchScreen.storyboard */,
				A33C2A1427D8F09F006921ED /* AppDelegate.swift */,
			);
			path = Commons;
			sourceTree = "<group>";
		};
		A33C2A1527D8F09F006921ED /* Network */ = {
			isa = PBXGroup;
			children = (
				A33C2A1627D8F09F006921ED /* TargetType.swift */,
				A33C2A1727D8F09F006921ED /* BaseAPI.swift */,
				A33C2A1827D8F09F006921ED /* Repositories */,
			);
			path = Network;
			sourceTree = "<group>";
		};
		A33C2A1827D8F09F006921ED /* Repositories */ = {
			isa = PBXGroup;
			children = (
				A33C2A1927D8F09F006921ED /* RepositoriesAPI.swift */,
				A33C2A1A27D8F09F006921ED /* RepositoriesNetworking.swift */,
			);
			path = Repositories;
			sourceTree = "<group>";
		};
		A33C2A1B27D8F09F006921ED /* Utils */ = {
			isa = PBXGroup;
			children = (
				A33C2A1C27D8F09F006921ED /* Constants.swift */,
				A33C2A1D27D8F09F006921ED /* Interactor.swift */,
				A33C2A1E27D8F09F006921ED /* Extensions */,
				A33C2A2227D8F09F006921ED /* Presenter.swift */,
			);
			path = Utils;
			sourceTree = "<group>";
		};
		A33C2A1E27D8F09F006921ED /* Extensions */ = {
			isa = PBXGroup;
			children = (
				A33C2A1F27D8F09F006921ED /* ExtensionsDate.swift */,
				A33C2A2027D8F09F006921ED /* ExtensionsString.swift */,
				A33C2A2127D8F09F006921ED /* ExtensionViewController.swift */,
			);
			path = Extensions;
			sourceTree = "<group>";
		};
		A33C2A2327D8F09F006921ED /* Models */ = {
			isa = PBXGroup;
			children = (
				A33C2A2427D8F09F006921ED /* User.swift */,
			);
			path = Models;
			sourceTree = "<group>";
		};
		A33C2A2527D8F09F006921ED /* Modules */ = {
			isa = PBXGroup;
			children = (
				A33C2A2627D8F09F006921ED /* Router.swift */,
				A33C2A2727D8F09F006921ED /* Main */,
			);
			path = Modules;
			sourceTree = "<group>";
		};
		A33C2A2727D8F09F006921ED /* Main */ = {
			isa = PBXGroup;
			children = (
				A33C2A2827D8F09F006921ED /* CreateUser */,
				A33C2A2D27D8F09F006921ED /* ListUsers */,
			);
			path = Main;
			sourceTree = "<group>";
		};
		A33C2A2827D8F09F006921ED /* CreateUser */ = {
			isa = PBXGroup;
			children = (
				A33C2A2927D8F09F006921ED /* CreateUserView.xib */,
				A33C2A2A27D8F09F006921ED /* CreateUserViewController.swift */,
				A33C2A2B27D8F09F006921ED /* CreateUserInteractor.swift */,
				A33C2A2C27D8F09F006921ED /* CreateUserPresenter.swift */,
			);
			path = CreateUser;
			sourceTree = "<group>";
		};
		A33C2A2D27D8F09F006921ED /* ListUsers */ = {
			isa = PBXGroup;
			children = (
				A33C2A2E27D8F09F006921ED /* ListUsersView.xib */,
				A33C2A2F27D8F09F006921ED /* ListUsersViewController.swift */,
				A33C2A3027D8F09F006921ED /* ListUsersPresenter.swift */,
				A33C2A3127D8F09F006921ED /* ListUsersCell */,
			);
			path = ListUsers;
			sourceTree = "<group>";
		};
		A33C2A3127D8F09F006921ED /* ListUsersCell */ = {
			isa = PBXGroup;
			children = (
				A33C2A3227D8F09F006921ED /* UserTableViewCell.swift */,
				A33C2A3327D8F09F006921ED /* UserTableViewCell.xib */,
			);
			path = ListUsersCell;
			sourceTree = "<group>";
		};
		A39CF05027C270C300DE5DD8 = {
			isa = PBXGroup;
			children = (
				A33C2A0C27D8F09F006921ED /* Hi */,
				A39CF05A27C270C300DE5DD8 /* Products */,
				A79AEC0EC7F1856170667148 /* Frameworks */,
				2379A188BF09A436BC180568 /* Pods */,
			);
			sourceTree = "<group>";
		};
		A39CF05A27C270C300DE5DD8 /* Products */ = {
			isa = PBXGroup;
			children = (
				A39CF05927C270C300DE5DD8 /* Hi.app */,
			);
			name = Products;
			sourceTree = "<group>";
		};
		A79AEC0EC7F1856170667148 /* Frameworks */ = {
			isa = PBXGroup;
			children = (
				A69928FDDBB7BC91479EB928 /* Pods_Hi.framework */,
				065C91392C434741B6C4702E /* Pods_Hi_HiUITests.framework */,
				8E18BF1DCBFC2286CD85B1DD /* Pods_HiTests.framework */,
			);
			name = Frameworks;
			sourceTree = "<group>";
		};
/* End PBXGroup section */

/* Begin PBXNativeTarget section */
		A39CF05827C270C300DE5DD8 /* Hi */ = {
			isa = PBXNativeTarget;
			buildConfigurationList = A39CF08327C270C500DE5DD8 /* Build configuration list for PBXNativeTarget "Hi" */;
			buildPhases = (
				D14389F3CD7CD5DCEB1A0324 /* [CP] Check Pods Manifest.lock */,
				A39CF05527C270C300DE5DD8 /* Sources */,
				A39CF05627C270C300DE5DD8 /* Frameworks */,
				A39CF05727C270C300DE5DD8 /* Resources */,
				C7D8645732FFE617B3BD0B46 /* [CP] Embed Pods Frameworks */,
			);
			buildRules = (
			);
			dependencies = (
			);
			name = Hi;
			productName = CoffeYei;
			productReference = A39CF05927C270C300DE5DD8 /* Hi.app */;
			productType = "com.apple.product-type.application";
		};
/* End PBXNativeTarget section */

/* Begin PBXProject section */
		A39CF05127C270C300DE5DD8 /* Project object */ = {
			isa = PBXProject;
			attributes = {
				BuildIndependentTargetsInParallel = 1;
				LastSwiftUpdateCheck = 1310;
				LastUpgradeCheck = 1310;
				TargetAttributes = {
					A39CF05827C270C300DE5DD8 = {
						CreatedOnToolsVersion = 13.1;
					};
				};
			};
			buildConfigurationList = A39CF05427C270C300DE5DD8 /* Build configuration list for PBXProject "Hi" */;
			compatibilityVersion = "Xcode 13.0";
			developmentRegion = en;
			hasScannedForEncodings = 0;
			knownRegions = (
				en,
				Base,
				es,
			);
			mainGroup = A39CF05027C270C300DE5DD8;
			productRefGroup = A39CF05A27C270C300DE5DD8 /* Products */;
			projectDirPath = "";
			projectRoot = "";
			targets = (
				A39CF05827C270C300DE5DD8 /* Hi */,
			);
		};
/* End PBXProject section */

/* Begin PBXResourcesBuildPhase section */
		A39CF05727C270C300DE5DD8 /* Resources */ = {
			isa = PBXResourcesBuildPhase;
			buildActionMask = 2147483647;
			files = (
				A33C2A4027D8F09F006921ED /* LaunchScreen.storyboard in Resources */,
				A33C2A6A27D8F09F006921ED /* CreateUserView.xib in Resources */,
				A33C2A3D27D8F09F006921ED /* Assets.xcassets in Resources */,
				A33C2A7627D8F09F006921ED /* ListUsersView.xib in Resources */,
				A33C2A8227D8F09F006921ED /* UserTableViewCell.xib in Resources */,
				A33C2A3A27D8F09F006921ED /* Localizable.strings in Resources */,
			);
			runOnlyForDeploymentPostprocessing = 0;
		};
/* End PBXResourcesBuildPhase section */

/* Begin PBXShellScriptBuildPhase section */
		C7D8645732FFE617B3BD0B46 /* [CP] Embed Pods Frameworks */ = {
			isa = PBXShellScriptBuildPhase;
			buildActionMask = 2147483647;
			files = (
			);
			inputFileListPaths = (
				"${PODS_ROOT}/Target Support Files/Pods-Hi/Pods-Hi-frameworks-${CONFIGURATION}-input-files.xcfilelist",
			);
			name = "[CP] Embed Pods Frameworks";
			outputFileListPaths = (
				"${PODS_ROOT}/Target Support Files/Pods-Hi/Pods-Hi-frameworks-${CONFIGURATION}-output-files.xcfilelist",
			);
			runOnlyForDeploymentPostprocessing = 0;
			shellPath = /bin/sh;
			shellScript = "\"${PODS_ROOT}/Target Support Files/Pods-Hi/Pods-Hi-frameworks.sh\"\n";
			showEnvVarsInLog = 0;
		};
		D14389F3CD7CD5DCEB1A0324 /* [CP] Check Pods Manifest.lock */ = {
			isa = PBXShellScriptBuildPhase;
			buildActionMask = 2147483647;
			files = (
			);
			inputFileListPaths = (
			);
			inputPaths = (
				"${PODS_PODFILE_DIR_PATH}/Podfile.lock",
				"${PODS_ROOT}/Manifest.lock",
			);
			name = "[CP] Check Pods Manifest.lock";
			outputFileListPaths = (
			);
			outputPaths = (
				"$(DERIVED_FILE_DIR)/Pods-Hi-checkManifestLockResult.txt",
			);
			runOnlyForDeploymentPostprocessing = 0;
			shellPath = /bin/sh;
			shellScript = "diff \"${PODS_PODFILE_DIR_PATH}/Podfile.lock\" \"${PODS_ROOT}/Manifest.lock\" > /dev/null\nif [ $? != 0 ] ; then\n    # print error to STDERR\n    echo \"error: The sandbox is not in sync with the Podfile.lock. Run 'pod install' or update your CocoaPods installation.\" >&2\n    exit 1\nfi\n# This output is used by Xcode 'outputs' to avoid re-running this script phase.\necho \"SUCCESS\" > \"${SCRIPT_OUTPUT_FILE_0}\"\n";
			showEnvVarsInLog = 0;
		};
/* End PBXShellScriptBuildPhase section */

/* Begin PBXSourcesBuildPhase section */
		A39CF05527C270C300DE5DD8 /* Sources */ = {
			isa = PBXSourcesBuildPhase;
			buildActionMask = 2147483647;
			files = (
				A33C2A5B27D8F09F006921ED /* ExtensionsString.swift in Sources */,
				A33C2A6127D8F09F006921ED /* Presenter.swift in Sources */,
				A33C2A4927D8F09F006921ED /* BaseAPI.swift in Sources */,
				A33C2A6D27D8F09F006921ED /* CreateUserViewController.swift in Sources */,
				A33C2A4F27D8F09F006921ED /* RepositoriesNetworking.swift in Sources */,
				A33C2A7027D8F09F006921ED /* CreateUserInteractor.swift in Sources */,
				A33C2A4627D8F09F006921ED /* TargetType.swift in Sources */,
				A33C2A4C27D8F09F006921ED /* RepositoriesAPI.swift in Sources */,
				A33C2A4327D8F09F006921ED /* AppDelegate.swift in Sources */,
				A33C2A5E27D8F09F006921ED /* ExtensionViewController.swift in Sources */,
				A33C2A7927D8F09F006921ED /* ListUsersViewController.swift in Sources */,
				A33C2A7C27D8F09F006921ED /* ListUsersPresenter.swift in Sources */,
				A33C2A7F27D8F09F006921ED /* UserTableViewCell.swift in Sources */,
				A33C2A6427D8F09F006921ED /* User.swift in Sources */,
				A33C2A5827D8F09F006921ED /* ExtensionsDate.swift in Sources */,
				A33C2A5527D8F09F006921ED /* Interactor.swift in Sources */,
				A33C2A5227D8F09F006921ED /* Constants.swift in Sources */,
				A33C2A6727D8F09F006921ED /* Router.swift in Sources */,
				A33C2A7327D8F09F006921ED /* CreateUserPresenter.swift in Sources */,
			);
			runOnlyForDeploymentPostprocessing = 0;
		};
/* End PBXSourcesBuildPhase section */

/* Begin PBXVariantGroup section */
		A33C2A0E27D8F09F006921ED /* Localizable.strings */ = {
			isa = PBXVariantGroup;
			children = (
				A33C2A0F27D8F09F006921ED /* en */,
				A33C2A1027D8F09F006921ED /* es */,
			);
			name = Localizable.strings;
			sourceTree = "<group>";
		};
		A33C2A1227D8F09F006921ED /* LaunchScreen.storyboard */ = {
			isa = PBXVariantGroup;
			children = (
				A33C2A1327D8F09F006921ED /* Base */,
			);
			name = LaunchScreen.storyboard;
			sourceTree = "<group>";
		};
/* End PBXVariantGroup section */

/* Begin XCBuildConfiguration section */
		A39CF08127C270C500DE5DD8 /* Debug */ = {
			isa = XCBuildConfiguration;
			buildSettings = {
				ALWAYS_SEARCH_USER_PATHS = NO;
				CLANG_ANALYZER_LOCALIZABILITY_NONLOCALIZED = YES;
				CLANG_ANALYZER_NONNULL = YES;
				CLANG_ANALYZER_NUMBER_OBJECT_CONVERSION = YES_AGGRESSIVE;
				CLANG_CXX_LANGUAGE_STANDARD = "gnu++17";
				CLANG_CXX_LIBRARY = "libc++";
				CLANG_ENABLE_MODULES = YES;
				CLANG_ENABLE_OBJC_ARC = YES;
				CLANG_ENABLE_OBJC_WEAK = YES;
				CLANG_WARN_BLOCK_CAPTURE_AUTORELEASING = YES;
				CLANG_WARN_BOOL_CONVERSION = YES;
				CLANG_WARN_COMMA = YES;
				CLANG_WARN_CONSTANT_CONVERSION = YES;
				CLANG_WARN_DEPRECATED_OBJC_IMPLEMENTATIONS = YES;
				CLANG_WARN_DIRECT_OBJC_ISA_USAGE = YES_ERROR;
				CLANG_WARN_DOCUMENTATION_COMMENTS = YES;
				CLANG_WARN_EMPTY_BODY = YES;
				CLANG_WARN_ENUM_CONVERSION = YES;
				CLANG_WARN_INFINITE_RECURSION = YES;
				CLANG_WARN_INT_CONVERSION = YES;
				CLANG_WARN_NON_LITERAL_NULL_CONVERSION = YES;
				CLANG_WARN_OBJC_IMPLICIT_RETAIN_SELF = YES;
				CLANG_WARN_OBJC_LITERAL_CONVERSION = YES;
				CLANG_WARN_OBJC_ROOT_CLASS = YES_ERROR;
				CLANG_WARN_QUOTED_INCLUDE_IN_FRAMEWORK_HEADER = YES;
				CLANG_WARN_RANGE_LOOP_ANALYSIS = YES;
				CLANG_WARN_STRICT_PROTOTYPES = YES;
				CLANG_WARN_SUSPICIOUS_MOVE = YES;
				CLANG_WARN_UNGUARDED_AVAILABILITY = YES_AGGRESSIVE;
				CLANG_WARN_UNREACHABLE_CODE = YES;
				CLANG_WARN__DUPLICATE_METHOD_MATCH = YES;
				COPY_PHASE_STRIP = NO;
				DEBUG_INFORMATION_FORMAT = dwarf;
				ENABLE_STRICT_OBJC_MSGSEND = YES;
				ENABLE_TESTABILITY = YES;
				GCC_C_LANGUAGE_STANDARD = gnu11;
				GCC_DYNAMIC_NO_PIC = NO;
				GCC_NO_COMMON_BLOCKS = YES;
				GCC_OPTIMIZATION_LEVEL = 0;
				GCC_PREPROCESSOR_DEFINITIONS = (
					"DEBUG=1",
					"$(inherited)",
				);
				GCC_WARN_64_TO_32_BIT_CONVERSION = YES;
				GCC_WARN_ABOUT_RETURN_TYPE = YES_ERROR;
				GCC_WARN_UNDECLARED_SELECTOR = YES;
				GCC_WARN_UNINITIALIZED_AUTOS = YES_AGGRESSIVE;
				GCC_WARN_UNUSED_FUNCTION = YES;
				GCC_WARN_UNUSED_VARIABLE = YES;
				IPHONEOS_DEPLOYMENT_TARGET = 14.0;
				MTL_ENABLE_DEBUG_INFO = INCLUDE_SOURCE;
				MTL_FAST_MATH = YES;
				ONLY_ACTIVE_ARCH = YES;
				SDKROOT = iphoneos;
				SWIFT_ACTIVE_COMPILATION_CONDITIONS = DEBUG;
				SWIFT_OPTIMIZATION_LEVEL = "-Onone";
			};
			name = Debug;
		};
		A39CF08227C270C500DE5DD8 /* Release */ = {
			isa = XCBuildConfiguration;
			buildSettings = {
				ALWAYS_SEARCH_USER_PATHS = NO;
				CLANG_ANALYZER_LOCALIZABILITY_NONLOCALIZED = YES;
				CLANG_ANALYZER_NONNULL = YES;
				CLANG_ANALYZER_NUMBER_OBJECT_CONVERSION = YES_AGGRESSIVE;
				CLANG_CXX_LANGUAGE_STANDARD = "gnu++17";
				CLANG_CXX_LIBRARY = "libc++";
				CLANG_ENABLE_MODULES = YES;
				CLANG_ENABLE_OBJC_ARC = YES;
				CLANG_ENABLE_OBJC_WEAK = YES;
				CLANG_WARN_BLOCK_CAPTURE_AUTORELEASING = YES;
				CLANG_WARN_BOOL_CONVERSION = YES;
				CLANG_WARN_COMMA = YES;
				CLANG_WARN_CONSTANT_CONVERSION = YES;
				CLANG_WARN_DEPRECATED_OBJC_IMPLEMENTATIONS = YES;
				CLANG_WARN_DIRECT_OBJC_ISA_USAGE = YES_ERROR;
				CLANG_WARN_DOCUMENTATION_COMMENTS = YES;
				CLANG_WARN_EMPTY_BODY = YES;
				CLANG_WARN_ENUM_CONVERSION = YES;
				CLANG_WARN_INFINITE_RECURSION = YES;
				CLANG_WARN_INT_CONVERSION = YES;
				CLANG_WARN_NON_LITERAL_NULL_CONVERSION = YES;
				CLANG_WARN_OBJC_IMPLICIT_RETAIN_SELF = YES;
				CLANG_WARN_OBJC_LITERAL_CONVERSION = YES;
				CLANG_WARN_OBJC_ROOT_CLASS = YES_ERROR;
				CLANG_WARN_QUOTED_INCLUDE_IN_FRAMEWORK_HEADER = YES;
				CLANG_WARN_RANGE_LOOP_ANALYSIS = YES;
				CLANG_WARN_STRICT_PROTOTYPES = YES;
				CLANG_WARN_SUSPICIOUS_MOVE = YES;
				CLANG_WARN_UNGUARDED_AVAILABILITY = YES_AGGRESSIVE;
				CLANG_WARN_UNREACHABLE_CODE = YES;
				CLANG_WARN__DUPLICATE_METHOD_MATCH = YES;
				COPY_PHASE_STRIP = NO;
				DEBUG_INFORMATION_FORMAT = "dwarf-with-dsym";
				ENABLE_NS_ASSERTIONS = NO;
				ENABLE_STRICT_OBJC_MSGSEND = YES;
				GCC_C_LANGUAGE_STANDARD = gnu11;
				GCC_NO_COMMON_BLOCKS = YES;
				GCC_WARN_64_TO_32_BIT_CONVERSION = YES;
				GCC_WARN_ABOUT_RETURN_TYPE = YES_ERROR;
				GCC_WARN_UNDECLARED_SELECTOR = YES;
				GCC_WARN_UNINITIALIZED_AUTOS = YES_AGGRESSIVE;
				GCC_WARN_UNUSED_FUNCTION = YES;
				GCC_WARN_UNUSED_VARIABLE = YES;
				IPHONEOS_DEPLOYMENT_TARGET = 14.0;
				MTL_ENABLE_DEBUG_INFO = NO;
				MTL_FAST_MATH = YES;
				SDKROOT = iphoneos;
				SWIFT_COMPILATION_MODE = wholemodule;
				SWIFT_OPTIMIZATION_LEVEL = "-O";
				VALIDATE_PRODUCT = YES;
			};
			name = Release;
		};
		A39CF08427C270C500DE5DD8 /* Debug */ = {
			isa = XCBuildConfiguration;
			baseConfigurationReference = C780BB4D2B788B5A6DC3F5C7 /* Pods-Hi.debug.xcconfig */;
			buildSettings = {
				ASSETCATALOG_COMPILER_APPICON_NAME = AppIcon;
				ASSETCATALOG_COMPILER_GLOBAL_ACCENT_COLOR_NAME = AccentColor;
				CODE_SIGN_IDENTITY = "Apple Development";
				CODE_SIGN_STYLE = Automatic;
				CURRENT_PROJECT_VERSION = 1;
				DEVELOPMENT_TEAM = 2QD776TQMX;
				GENERATE_INFOPLIST_FILE = YES;
				INFOPLIST_FILE = Hi/Commons/Info.plist;
				INFOPLIST_KEY_CFBundleDisplayName = Hi;
				INFOPLIST_KEY_UIApplicationSupportsIndirectInputEvents = YES;
				INFOPLIST_KEY_UILaunchStoryboardName = LaunchScreen;
				INFOPLIST_KEY_UIRequiredDeviceCapabilities = armv7;
				INFOPLIST_KEY_UISupportedInterfaceOrientations = UIInterfaceOrientationPortrait;
				INFOPLIST_KEY_UISupportedInterfaceOrientations_iPad = "UIInterfaceOrientationPortrait UIInterfaceOrientationPortraitUpsideDown UIInterfaceOrientationLandscapeLeft UIInterfaceOrientationLandscapeRight";
				INFOPLIST_KEY_UISupportedInterfaceOrientations_iPhone = "UIInterfaceOrientationPortrait UIInterfaceOrientationLandscapeLeft UIInterfaceOrientationLandscapeRight";
				LD_RUNPATH_SEARCH_PATHS = (
					"$(inherited)",
					"@executable_path/Frameworks",
				);
				MARKETING_VERSION = 1.0;
				PRODUCT_BUNDLE_IDENTIFIER = com.miguelJaimes.Hi;
				PRODUCT_NAME = "$(TARGET_NAME)";
				PROVISIONING_PROFILE_SPECIFIER = "";
				SWIFT_EMIT_LOC_STRINGS = YES;
				SWIFT_VERSION = 5.0;
				TARGETED_DEVICE_FAMILY = 1;
			};
			name = Debug;
		};
		A39CF08527C270C500DE5DD8 /* Release */ = {
			isa = XCBuildConfiguration;
			baseConfigurationReference = 261B2EF3E4A430E97BDB0FB2 /* Pods-Hi.release.xcconfig */;
			buildSettings = {
				ASSETCATALOG_COMPILER_APPICON_NAME = AppIcon;
				ASSETCATALOG_COMPILER_GLOBAL_ACCENT_COLOR_NAME = AccentColor;
				CODE_SIGN_IDENTITY = "Apple Development";
				CODE_SIGN_STYLE = Automatic;
				CURRENT_PROJECT_VERSION = 1;
				DEVELOPMENT_TEAM = 2QD776TQMX;
				GENERATE_INFOPLIST_FILE = YES;
				INFOPLIST_FILE = Hi/Commons/Info.plist;
				INFOPLIST_KEY_CFBundleDisplayName = Hi;
				INFOPLIST_KEY_UIApplicationSupportsIndirectInputEvents = YES;
				INFOPLIST_KEY_UILaunchStoryboardName = LaunchScreen;
				INFOPLIST_KEY_UIRequiredDeviceCapabilities = armv7;
				INFOPLIST_KEY_UISupportedInterfaceOrientations = UIInterfaceOrientationPortrait;
				INFOPLIST_KEY_UISupportedInterfaceOrientations_iPad = "UIInterfaceOrientationPortrait UIInterfaceOrientationPortraitUpsideDown UIInterfaceOrientationLandscapeLeft UIInterfaceOrientationLandscapeRight";
				INFOPLIST_KEY_UISupportedInterfaceOrientations_iPhone = "UIInterfaceOrientationPortrait UIInterfaceOrientationLandscapeLeft UIInterfaceOrientationLandscapeRight";
				LD_RUNPATH_SEARCH_PATHS = (
					"$(inherited)",
					"@executable_path/Frameworks",
				);
				MARKETING_VERSION = 1.0;
				PRODUCT_BUNDLE_IDENTIFIER = com.miguelJaimes.Hi;
				PRODUCT_NAME = "$(TARGET_NAME)";
				PROVISIONING_PROFILE_SPECIFIER = "";
				SWIFT_EMIT_LOC_STRINGS = YES;
				SWIFT_VERSION = 5.0;
				TARGETED_DEVICE_FAMILY = 1;
			};
			name = Release;
		};
/* End XCBuildConfiguration section */

/* Begin XCConfigurationList section */
		A39CF05427C270C300DE5DD8 /* Build configuration list for PBXProject "Hi" */ = {
			isa = XCConfigurationList;
			buildConfigurations = (
				A39CF08127C270C500DE5DD8 /* Debug */,
				A39CF08227C270C500DE5DD8 /* Release */,
			);
			defaultConfigurationIsVisible = 0;
			defaultConfigurationName = Release;
		};
		A39CF08327C270C500DE5DD8 /* Build configuration list for PBXNativeTarget "Hi" */ = {
			isa = XCConfigurationList;
			buildConfigurations = (
				A39CF08427C270C500DE5DD8 /* Debug */,
				A39CF08527C270C500DE5DD8 /* Release */,
			);
			defaultConfigurationIsVisible = 0;
			defaultConfigurationName = Release;
		};
/* End XCConfigurationList section */
	};
	rootObject = A39CF05127C270C300DE5DD8 /* Project object */;
}
