// !$*UTF8*$!
{
	archiveVersion = 1;
	classes = {
	};
	objectVersion = 55;
	objects = {

/* Begin PBXBuildFile section */
		0D73BF9C4DA9C926B908D89D /* Pods_CoffeYeiTests.framework in Frameworks */ = {isa = PBXBuildFile; fileRef = 30B6FF4D1F64E8ACBA15E7C5 /* Pods_CoffeYeiTests.framework */; };
		89F0A9167DA3AEDECDF18DDE /* Pods_CoffeYei.framework in Frameworks */ = {isa = PBXBuildFile; fileRef = 8B8A60890667DE13543A6F69 /* Pods_CoffeYei.framework */; };
		9FB42F48F7EE5BF0831F4026 /* Pods_CoffeYei_CoffeYeiUITests.framework in Frameworks */ = {isa = PBXBuildFile; fileRef = E46FE76535CD5026555FCD0C /* Pods_CoffeYei_CoffeYeiUITests.framework */; };
		A34F07FA27C2922200D52FA8 /* ExtensionsString.swift in Sources */ = {isa = PBXBuildFile; fileRef = A34F07F927C2922200D52FA8 /* ExtensionsString.swift */; };
		A39CF05D27C270C300DE5DD8 /* AppDelegate.swift in Sources */ = {isa = PBXBuildFile; fileRef = A39CF05C27C270C300DE5DD8 /* AppDelegate.swift */; };
		A39CF06627C270C400DE5DD8 /* Assets.xcassets in Resources */ = {isa = PBXBuildFile; fileRef = A39CF06527C270C400DE5DD8 /* Assets.xcassets */; };
		A39CF06927C270C400DE5DD8 /* LaunchScreen.storyboard in Resources */ = {isa = PBXBuildFile; fileRef = A39CF06727C270C400DE5DD8 /* LaunchScreen.storyboard */; };
		A39CF07427C270C500DE5DD8 /* CoffeYeiTests.swift in Sources */ = {isa = PBXBuildFile; fileRef = A39CF07327C270C500DE5DD8 /* CoffeYeiTests.swift */; };
		A39CF07E27C270C500DE5DD8 /* CoffeYeiUITests.swift in Sources */ = {isa = PBXBuildFile; fileRef = A39CF07D27C270C500DE5DD8 /* CoffeYeiUITests.swift */; };
		A39CF08027C270C500DE5DD8 /* CoffeYeiUITestsLaunchTests.swift in Sources */ = {isa = PBXBuildFile; fileRef = A39CF07F27C270C500DE5DD8 /* CoffeYeiUITestsLaunchTests.swift */; };
		A39CF09A27C272B300DE5DD8 /* Presenter.swift in Sources */ = {isa = PBXBuildFile; fileRef = A39CF09927C272B300DE5DD8 /* Presenter.swift */; };
		A39CF09C27C272BE00DE5DD8 /* Interactor.swift in Sources */ = {isa = PBXBuildFile; fileRef = A39CF09B27C272BE00DE5DD8 /* Interactor.swift */; };
		A39CF0AE27C2767800DE5DD8 /* Localizable.strings in Resources */ = {isa = PBXBuildFile; fileRef = A39CF0B027C2767800DE5DD8 /* Localizable.strings */; };
		A3F0261027C59EBD00A262E5 /* TargetType.swift in Sources */ = {isa = PBXBuildFile; fileRef = A3F0260F27C59EBD00A262E5 /* TargetType.swift */; };
		A3F0261727C5A0D000A262E5 /* ListUsersPresenter.swift in Sources */ = {isa = PBXBuildFile; fileRef = A3F0261327C5A0D000A262E5 /* ListUsersPresenter.swift */; };
		A3F0261827C5A0D000A262E5 /* ListUsersRouter.swift in Sources */ = {isa = PBXBuildFile; fileRef = A3F0261427C5A0D000A262E5 /* ListUsersRouter.swift */; };
		A3F0261927C5A0D000A262E5 /* ListUsersViewController.swift in Sources */ = {isa = PBXBuildFile; fileRef = A3F0261527C5A0D000A262E5 /* ListUsersViewController.swift */; };
		A3F0261C27C5A0EC00A262E5 /* ListUsersView.xib in Resources */ = {isa = PBXBuildFile; fileRef = A3F0261B27C5A0EC00A262E5 /* ListUsersView.xib */; };
		A3F0261F27C5A51F00A262E5 /* BaseAPI.swift in Sources */ = {isa = PBXBuildFile; fileRef = A3F0261E27C5A51F00A262E5 /* BaseAPI.swift */; };
		A3F0262227C5A65100A262E5 /* RepositoriesNetworking.swift in Sources */ = {isa = PBXBuildFile; fileRef = A3F0262127C5A65100A262E5 /* RepositoriesNetworking.swift */; };
		A3F0262427C5A82100A262E5 /* Constants.swift in Sources */ = {isa = PBXBuildFile; fileRef = A3F0262327C5A82100A262E5 /* Constants.swift */; };
		A3F0262627C5A91300A262E5 /* RepositoriesAPI.swift in Sources */ = {isa = PBXBuildFile; fileRef = A3F0262527C5A91300A262E5 /* RepositoriesAPI.swift */; };
		A3F0262927C5A9F400A262E5 /* User.swift in Sources */ = {isa = PBXBuildFile; fileRef = A3F0262827C5A9F400A262E5 /* User.swift */; };
		A3F0263027C5BC1700A262E5 /* UserTableViewCell.swift in Sources */ = {isa = PBXBuildFile; fileRef = A3F0262E27C5BC1700A262E5 /* UserTableViewCell.swift */; };
		A3F0263127C5BC1700A262E5 /* UserTableViewCell.xib in Resources */ = {isa = PBXBuildFile; fileRef = A3F0262F27C5BC1700A262E5 /* UserTableViewCell.xib */; };
/* End PBXBuildFile section */

/* Begin PBXContainerItemProxy section */
		A39CF07027C270C500DE5DD8 /* PBXContainerItemProxy */ = {
			isa = PBXContainerItemProxy;
			containerPortal = A39CF05127C270C300DE5DD8 /* Project object */;
			proxyType = 1;
			remoteGlobalIDString = A39CF05827C270C300DE5DD8;
			remoteInfo = CoffeYei;
		};
		A39CF07A27C270C500DE5DD8 /* PBXContainerItemProxy */ = {
			isa = PBXContainerItemProxy;
			containerPortal = A39CF05127C270C300DE5DD8 /* Project object */;
			proxyType = 1;
			remoteGlobalIDString = A39CF05827C270C300DE5DD8;
			remoteInfo = CoffeYei;
		};
/* End PBXContainerItemProxy section */

/* Begin PBXFileReference section */
		30B6FF4D1F64E8ACBA15E7C5 /* Pods_CoffeYeiTests.framework */ = {isa = PBXFileReference; explicitFileType = wrapper.framework; includeInIndex = 0; path = Pods_CoffeYeiTests.framework; sourceTree = BUILT_PRODUCTS_DIR; };
		4790FDAF50003F858585A8F1 /* Pods-CoffeYei.debug.xcconfig */ = {isa = PBXFileReference; includeInIndex = 1; lastKnownFileType = text.xcconfig; name = "Pods-CoffeYei.debug.xcconfig"; path = "Target Support Files/Pods-CoffeYei/Pods-CoffeYei.debug.xcconfig"; sourceTree = "<group>"; };
		6C9AFDF31AB49DAAB9D0BC49 /* Pods-CoffeYei-CoffeYeiUITests.release.xcconfig */ = {isa = PBXFileReference; includeInIndex = 1; lastKnownFileType = text.xcconfig; name = "Pods-CoffeYei-CoffeYeiUITests.release.xcconfig"; path = "Target Support Files/Pods-CoffeYei-CoffeYeiUITests/Pods-CoffeYei-CoffeYeiUITests.release.xcconfig"; sourceTree = "<group>"; };
		704DFA57D38B179A4F54BBC4 /* Pods-CoffeYei.release.xcconfig */ = {isa = PBXFileReference; includeInIndex = 1; lastKnownFileType = text.xcconfig; name = "Pods-CoffeYei.release.xcconfig"; path = "Target Support Files/Pods-CoffeYei/Pods-CoffeYei.release.xcconfig"; sourceTree = "<group>"; };
		8B8A60890667DE13543A6F69 /* Pods_CoffeYei.framework */ = {isa = PBXFileReference; explicitFileType = wrapper.framework; includeInIndex = 0; path = Pods_CoffeYei.framework; sourceTree = BUILT_PRODUCTS_DIR; };
		A34F07F927C2922200D52FA8 /* ExtensionsString.swift */ = {isa = PBXFileReference; lastKnownFileType = sourcecode.swift; path = ExtensionsString.swift; sourceTree = "<group>"; };
		A39CF05927C270C300DE5DD8 /* CoffeYei.app */ = {isa = PBXFileReference; explicitFileType = wrapper.application; includeInIndex = 0; path = CoffeYei.app; sourceTree = BUILT_PRODUCTS_DIR; };
		A39CF05C27C270C300DE5DD8 /* AppDelegate.swift */ = {isa = PBXFileReference; lastKnownFileType = sourcecode.swift; path = AppDelegate.swift; sourceTree = "<group>"; };
		A39CF06527C270C400DE5DD8 /* Assets.xcassets */ = {isa = PBXFileReference; lastKnownFileType = folder.assetcatalog; path = Assets.xcassets; sourceTree = "<group>"; };
		A39CF06827C270C400DE5DD8 /* Base */ = {isa = PBXFileReference; lastKnownFileType = file.storyboard; name = Base; path = Base.lproj/LaunchScreen.storyboard; sourceTree = "<group>"; };
		A39CF06A27C270C400DE5DD8 /* Info.plist */ = {isa = PBXFileReference; lastKnownFileType = text.plist.xml; path = Info.plist; sourceTree = "<group>"; };
		A39CF06F27C270C500DE5DD8 /* CoffeYeiTests.xctest */ = {isa = PBXFileReference; explicitFileType = wrapper.cfbundle; includeInIndex = 0; path = CoffeYeiTests.xctest; sourceTree = BUILT_PRODUCTS_DIR; };
		A39CF07327C270C500DE5DD8 /* CoffeYeiTests.swift */ = {isa = PBXFileReference; lastKnownFileType = sourcecode.swift; path = CoffeYeiTests.swift; sourceTree = "<group>"; };
		A39CF07927C270C500DE5DD8 /* CoffeYeiUITests.xctest */ = {isa = PBXFileReference; explicitFileType = wrapper.cfbundle; includeInIndex = 0; path = CoffeYeiUITests.xctest; sourceTree = BUILT_PRODUCTS_DIR; };
		A39CF07D27C270C500DE5DD8 /* CoffeYeiUITests.swift */ = {isa = PBXFileReference; lastKnownFileType = sourcecode.swift; path = CoffeYeiUITests.swift; sourceTree = "<group>"; };
		A39CF07F27C270C500DE5DD8 /* CoffeYeiUITestsLaunchTests.swift */ = {isa = PBXFileReference; lastKnownFileType = sourcecode.swift; path = CoffeYeiUITestsLaunchTests.swift; sourceTree = "<group>"; };
		A39CF09927C272B300DE5DD8 /* Presenter.swift */ = {isa = PBXFileReference; lastKnownFileType = sourcecode.swift; path = Presenter.swift; sourceTree = "<group>"; };
		A39CF09B27C272BE00DE5DD8 /* Interactor.swift */ = {isa = PBXFileReference; lastKnownFileType = sourcecode.swift; path = Interactor.swift; sourceTree = "<group>"; };
		A39CF0AF27C2767800DE5DD8 /* en */ = {isa = PBXFileReference; lastKnownFileType = text.plist.strings; name = en; path = en.lproj/Localizable.strings; sourceTree = "<group>"; };
		A39CF0B227C2770300DE5DD8 /* es */ = {isa = PBXFileReference; lastKnownFileType = text.plist.strings; name = es; path = es.lproj/Localizable.strings; sourceTree = "<group>"; };
		A3F0260F27C59EBD00A262E5 /* TargetType.swift */ = {isa = PBXFileReference; lastKnownFileType = sourcecode.swift; path = TargetType.swift; sourceTree = "<group>"; };
		A3F0261327C5A0D000A262E5 /* ListUsersPresenter.swift */ = {isa = PBXFileReference; lastKnownFileType = sourcecode.swift; path = ListUsersPresenter.swift; sourceTree = "<group>"; };
		A3F0261427C5A0D000A262E5 /* ListUsersRouter.swift */ = {isa = PBXFileReference; lastKnownFileType = sourcecode.swift; path = ListUsersRouter.swift; sourceTree = "<group>"; };
		A3F0261527C5A0D000A262E5 /* ListUsersViewController.swift */ = {isa = PBXFileReference; lastKnownFileType = sourcecode.swift; path = ListUsersViewController.swift; sourceTree = "<group>"; };
		A3F0261B27C5A0EC00A262E5 /* ListUsersView.xib */ = {isa = PBXFileReference; lastKnownFileType = file.xib; path = ListUsersView.xib; sourceTree = "<group>"; };
		A3F0261E27C5A51F00A262E5 /* BaseAPI.swift */ = {isa = PBXFileReference; lastKnownFileType = sourcecode.swift; path = BaseAPI.swift; sourceTree = "<group>"; };
		A3F0262127C5A65100A262E5 /* RepositoriesNetworking.swift */ = {isa = PBXFileReference; lastKnownFileType = sourcecode.swift; path = RepositoriesNetworking.swift; sourceTree = "<group>"; };
		A3F0262327C5A82100A262E5 /* Constants.swift */ = {isa = PBXFileReference; lastKnownFileType = sourcecode.swift; path = Constants.swift; sourceTree = "<group>"; };
		A3F0262527C5A91300A262E5 /* RepositoriesAPI.swift */ = {isa = PBXFileReference; lastKnownFileType = sourcecode.swift; path = RepositoriesAPI.swift; sourceTree = "<group>"; };
		A3F0262827C5A9F400A262E5 /* User.swift */ = {isa = PBXFileReference; lastKnownFileType = sourcecode.swift; path = User.swift; sourceTree = "<group>"; };
		A3F0262E27C5BC1700A262E5 /* UserTableViewCell.swift */ = {isa = PBXFileReference; lastKnownFileType = sourcecode.swift; path = UserTableViewCell.swift; sourceTree = "<group>"; };
		A3F0262F27C5BC1700A262E5 /* UserTableViewCell.xib */ = {isa = PBXFileReference; lastKnownFileType = file.xib; path = UserTableViewCell.xib; sourceTree = "<group>"; };
		B04D4848AAD7D062D8222C99 /* Pods-CoffeYei-CoffeYeiUITests.debug.xcconfig */ = {isa = PBXFileReference; includeInIndex = 1; lastKnownFileType = text.xcconfig; name = "Pods-CoffeYei-CoffeYeiUITests.debug.xcconfig"; path = "Target Support Files/Pods-CoffeYei-CoffeYeiUITests/Pods-CoffeYei-CoffeYeiUITests.debug.xcconfig"; sourceTree = "<group>"; };
		C3CB483089BF1A9B6D774D2E /* Pods-CoffeYeiTests.release.xcconfig */ = {isa = PBXFileReference; includeInIndex = 1; lastKnownFileType = text.xcconfig; name = "Pods-CoffeYeiTests.release.xcconfig"; path = "Target Support Files/Pods-CoffeYeiTests/Pods-CoffeYeiTests.release.xcconfig"; sourceTree = "<group>"; };
		E46FE76535CD5026555FCD0C /* Pods_CoffeYei_CoffeYeiUITests.framework */ = {isa = PBXFileReference; explicitFileType = wrapper.framework; includeInIndex = 0; path = Pods_CoffeYei_CoffeYeiUITests.framework; sourceTree = BUILT_PRODUCTS_DIR; };
		F50DB52DF3DDAD781B356592 /* Pods-CoffeYeiTests.debug.xcconfig */ = {isa = PBXFileReference; includeInIndex = 1; lastKnownFileType = text.xcconfig; name = "Pods-CoffeYeiTests.debug.xcconfig"; path = "Target Support Files/Pods-CoffeYeiTests/Pods-CoffeYeiTests.debug.xcconfig"; sourceTree = "<group>"; };
/* End PBXFileReference section */

/* Begin PBXFrameworksBuildPhase section */
		A39CF05627C270C300DE5DD8 /* Frameworks */ = {
			isa = PBXFrameworksBuildPhase;
			buildActionMask = 2147483647;
			files = (
				89F0A9167DA3AEDECDF18DDE /* Pods_CoffeYei.framework in Frameworks */,
			);
			runOnlyForDeploymentPostprocessing = 0;
		};
		A39CF06C27C270C500DE5DD8 /* Frameworks */ = {
			isa = PBXFrameworksBuildPhase;
			buildActionMask = 2147483647;
			files = (
				0D73BF9C4DA9C926B908D89D /* Pods_CoffeYeiTests.framework in Frameworks */,
			);
			runOnlyForDeploymentPostprocessing = 0;
		};
		A39CF07627C270C500DE5DD8 /* Frameworks */ = {
			isa = PBXFrameworksBuildPhase;
			buildActionMask = 2147483647;
			files = (
				9FB42F48F7EE5BF0831F4026 /* Pods_CoffeYei_CoffeYeiUITests.framework in Frameworks */,
			);
			runOnlyForDeploymentPostprocessing = 0;
		};
/* End PBXFrameworksBuildPhase section */

/* Begin PBXGroup section */
		A39CF05027C270C300DE5DD8 = {
			isa = PBXGroup;
			children = (
				A39CF05B27C270C300DE5DD8 /* CoffeYei */,
				A39CF07227C270C500DE5DD8 /* CoffeYeiTests */,
				A39CF07C27C270C500DE5DD8 /* CoffeYeiUITests */,
				A39CF05A27C270C300DE5DD8 /* Products */,
				B796C7540BF287D4AFD10F01 /* Pods */,
				A79AEC0EC7F1856170667148 /* Frameworks */,
			);
			sourceTree = "<group>";
		};
		A39CF05A27C270C300DE5DD8 /* Products */ = {
			isa = PBXGroup;
			children = (
				A39CF05927C270C300DE5DD8 /* CoffeYei.app */,
				A39CF06F27C270C500DE5DD8 /* CoffeYeiTests.xctest */,
				A39CF07927C270C500DE5DD8 /* CoffeYeiUITests.xctest */,
			);
			name = Products;
			sourceTree = "<group>";
		};
		A39CF05B27C270C300DE5DD8 /* CoffeYei */ = {
			isa = PBXGroup;
			children = (
				A39CF06A27C270C400DE5DD8 /* Info.plist */,
				A39CF08C27C2712E00DE5DD8 /* Commons */,
				A3F0260E27C59EA700A262E5 /* Network */,
				A39CF08E27C2714700DE5DD8 /* Modules */,
				A3F0262727C5A9E300A262E5 /* Models */,
				A39CF08F27C2715A00DE5DD8 /* Utils */,
			);
			path = CoffeYei;
			sourceTree = "<group>";
		};
		A39CF07227C270C500DE5DD8 /* CoffeYeiTests */ = {
			isa = PBXGroup;
			children = (
				A39CF07327C270C500DE5DD8 /* CoffeYeiTests.swift */,
			);
			path = CoffeYeiTests;
			sourceTree = "<group>";
		};
		A39CF07C27C270C500DE5DD8 /* CoffeYeiUITests */ = {
			isa = PBXGroup;
			children = (
				A39CF07D27C270C500DE5DD8 /* CoffeYeiUITests.swift */,
				A39CF07F27C270C500DE5DD8 /* CoffeYeiUITestsLaunchTests.swift */,
			);
			path = CoffeYeiUITests;
			sourceTree = "<group>";
		};
		A39CF08C27C2712E00DE5DD8 /* Commons */ = {
			isa = PBXGroup;
			children = (
				A39CF06727C270C400DE5DD8 /* LaunchScreen.storyboard */,
				A39CF05C27C270C300DE5DD8 /* AppDelegate.swift */,
				A39CF06527C270C400DE5DD8 /* Assets.xcassets */,
				A39CF0B027C2767800DE5DD8 /* Localizable.strings */,
				A3F0262327C5A82100A262E5 /* Constants.swift */,
			);
			path = Commons;
			sourceTree = "<group>";
		};
		A39CF08E27C2714700DE5DD8 /* Modules */ = {
			isa = PBXGroup;
			children = (
				A3F0261227C5A09A00A262E5 /* Main */,
			);
			path = Modules;
			sourceTree = "<group>";
		};
		A39CF08F27C2715A00DE5DD8 /* Utils */ = {
			isa = PBXGroup;
			children = (
				A39CF09827C272A200DE5DD8 /* Extensions */,
				A39CF09927C272B300DE5DD8 /* Presenter.swift */,
				A39CF09B27C272BE00DE5DD8 /* Interactor.swift */,
			);
			path = Utils;
			sourceTree = "<group>";
		};
		A39CF09827C272A200DE5DD8 /* Extensions */ = {
			isa = PBXGroup;
			children = (
				A34F07F927C2922200D52FA8 /* ExtensionsString.swift */,
			);
			path = Extensions;
			sourceTree = "<group>";
		};
		A3F0260E27C59EA700A262E5 /* Network */ = {
			isa = PBXGroup;
			children = (
				A3F0260F27C59EBD00A262E5 /* TargetType.swift */,
				A3F0261E27C5A51F00A262E5 /* BaseAPI.swift */,
				A3F0262027C5A5FD00A262E5 /* Repositories */,
			);
			path = Network;
			sourceTree = "<group>";
		};
		A3F0261227C5A09A00A262E5 /* Main */ = {
			isa = PBXGroup;
			children = (
				A3F0262D27C5BC0100A262E5 /* ListUsersCell */,
				A3F0261427C5A0D000A262E5 /* ListUsersRouter.swift */,
				A3F0261327C5A0D000A262E5 /* ListUsersPresenter.swift */,
				A3F0261527C5A0D000A262E5 /* ListUsersViewController.swift */,
				A3F0261B27C5A0EC00A262E5 /* ListUsersView.xib */,
			);
			path = Main;
			sourceTree = "<group>";
		};
		A3F0262027C5A5FD00A262E5 /* Repositories */ = {
			isa = PBXGroup;
			children = (
				A3F0262127C5A65100A262E5 /* RepositoriesNetworking.swift */,
				A3F0262527C5A91300A262E5 /* RepositoriesAPI.swift */,
			);
			path = Repositories;
			sourceTree = "<group>";
		};
		A3F0262727C5A9E300A262E5 /* Models */ = {
			isa = PBXGroup;
			children = (
				A3F0262827C5A9F400A262E5 /* User.swift */,
			);
			path = Models;
			sourceTree = "<group>";
		};
		A3F0262D27C5BC0100A262E5 /* ListUsersCell */ = {
			isa = PBXGroup;
			children = (
				A3F0262E27C5BC1700A262E5 /* UserTableViewCell.swift */,
				A3F0262F27C5BC1700A262E5 /* UserTableViewCell.xib */,
			);
			path = ListUsersCell;
			sourceTree = "<group>";
		};
		A79AEC0EC7F1856170667148 /* Frameworks */ = {
			isa = PBXGroup;
			children = (
				8B8A60890667DE13543A6F69 /* Pods_CoffeYei.framework */,
				E46FE76535CD5026555FCD0C /* Pods_CoffeYei_CoffeYeiUITests.framework */,
				30B6FF4D1F64E8ACBA15E7C5 /* Pods_CoffeYeiTests.framework */,
			);
			name = Frameworks;
			sourceTree = "<group>";
		};
		B796C7540BF287D4AFD10F01 /* Pods */ = {
			isa = PBXGroup;
			children = (
				4790FDAF50003F858585A8F1 /* Pods-CoffeYei.debug.xcconfig */,
				704DFA57D38B179A4F54BBC4 /* Pods-CoffeYei.release.xcconfig */,
				B04D4848AAD7D062D8222C99 /* Pods-CoffeYei-CoffeYeiUITests.debug.xcconfig */,
				6C9AFDF31AB49DAAB9D0BC49 /* Pods-CoffeYei-CoffeYeiUITests.release.xcconfig */,
				F50DB52DF3DDAD781B356592 /* Pods-CoffeYeiTests.debug.xcconfig */,
				C3CB483089BF1A9B6D774D2E /* Pods-CoffeYeiTests.release.xcconfig */,
			);
			path = Pods;
			sourceTree = "<group>";
		};
/* End PBXGroup section */

/* Begin PBXNativeTarget section */
		A39CF05827C270C300DE5DD8 /* CoffeYei */ = {
			isa = PBXNativeTarget;
			buildConfigurationList = A39CF08327C270C500DE5DD8 /* Build configuration list for PBXNativeTarget "CoffeYei" */;
			buildPhases = (
				D14389F3CD7CD5DCEB1A0324 /* [CP] Check Pods Manifest.lock */,
				A39CF05527C270C300DE5DD8 /* Sources */,
				A39CF05627C270C300DE5DD8 /* Frameworks */,
				A39CF05727C270C300DE5DD8 /* Resources */,
				C7D8645732FFE617B3BD0B46 /* [CP] Embed Pods Frameworks */,
			);
			buildRules = (
			);
			dependencies = (
			);
			name = CoffeYei;
			productName = CoffeYei;
			productReference = A39CF05927C270C300DE5DD8 /* CoffeYei.app */;
			productType = "com.apple.product-type.application";
		};
		A39CF06E27C270C500DE5DD8 /* CoffeYeiTests */ = {
			isa = PBXNativeTarget;
			buildConfigurationList = A39CF08627C270C500DE5DD8 /* Build configuration list for PBXNativeTarget "CoffeYeiTests" */;
			buildPhases = (
				698CDD90CA1EC9627B83E40F /* [CP] Check Pods Manifest.lock */,
				A39CF06B27C270C500DE5DD8 /* Sources */,
				A39CF06C27C270C500DE5DD8 /* Frameworks */,
				A39CF06D27C270C500DE5DD8 /* Resources */,
			);
			buildRules = (
			);
			dependencies = (
				A39CF07127C270C500DE5DD8 /* PBXTargetDependency */,
			);
			name = CoffeYeiTests;
			productName = CoffeYeiTests;
			productReference = A39CF06F27C270C500DE5DD8 /* CoffeYeiTests.xctest */;
			productType = "com.apple.product-type.bundle.unit-test";
		};
		A39CF07827C270C500DE5DD8 /* CoffeYeiUITests */ = {
			isa = PBXNativeTarget;
			buildConfigurationList = A39CF08927C270C500DE5DD8 /* Build configuration list for PBXNativeTarget "CoffeYeiUITests" */;
			buildPhases = (
				E6D5AB9C9C03603DB00BD835 /* [CP] Check Pods Manifest.lock */,
				A39CF07527C270C500DE5DD8 /* Sources */,
				A39CF07627C270C500DE5DD8 /* Frameworks */,
				A39CF07727C270C500DE5DD8 /* Resources */,
				719930F94C0FB6ACE31B2334 /* [CP] Embed Pods Frameworks */,
			);
			buildRules = (
			);
			dependencies = (
				A39CF07B27C270C500DE5DD8 /* PBXTargetDependency */,
			);
			name = CoffeYeiUITests;
			productName = CoffeYeiUITests;
			productReference = A39CF07927C270C500DE5DD8 /* CoffeYeiUITests.xctest */;
			productType = "com.apple.product-type.bundle.ui-testing";
		};
/* End PBXNativeTarget section */

/* Begin PBXProject section */
		A39CF05127C270C300DE5DD8 /* Project object */ = {
			isa = PBXProject;
			attributes = {
				BuildIndependentTargetsInParallel = 1;
				LastSwiftUpdateCheck = 1310;
				LastUpgradeCheck = 1310;
				TargetAttributes = {
					A39CF05827C270C300DE5DD8 = {
						CreatedOnToolsVersion = 13.1;
					};
					A39CF06E27C270C500DE5DD8 = {
						CreatedOnToolsVersion = 13.1;
						TestTargetID = A39CF05827C270C300DE5DD8;
					};
					A39CF07827C270C500DE5DD8 = {
						CreatedOnToolsVersion = 13.1;
						TestTargetID = A39CF05827C270C300DE5DD8;
					};
				};
			};
			buildConfigurationList = A39CF05427C270C300DE5DD8 /* Build configuration list for PBXProject "CoffeYei" */;
			compatibilityVersion = "Xcode 13.0";
			developmentRegion = en;
			hasScannedForEncodings = 0;
			knownRegions = (
				en,
				Base,
				es,
			);
			mainGroup = A39CF05027C270C300DE5DD8;
			productRefGroup = A39CF05A27C270C300DE5DD8 /* Products */;
			projectDirPath = "";
			projectRoot = "";
			targets = (
				A39CF05827C270C300DE5DD8 /* CoffeYei */,
				A39CF06E27C270C500DE5DD8 /* CoffeYeiTests */,
				A39CF07827C270C500DE5DD8 /* CoffeYeiUITests */,
			);
		};
/* End PBXProject section */

/* Begin PBXResourcesBuildPhase section */
		A39CF05727C270C300DE5DD8 /* Resources */ = {
			isa = PBXResourcesBuildPhase;
			buildActionMask = 2147483647;
			files = (
				A39CF06927C270C400DE5DD8 /* LaunchScreen.storyboard in Resources */,
				A3F0263127C5BC1700A262E5 /* UserTableViewCell.xib in Resources */,
				A39CF0AE27C2767800DE5DD8 /* Localizable.strings in Resources */,
				A39CF06627C270C400DE5DD8 /* Assets.xcassets in Resources */,
				A3F0261C27C5A0EC00A262E5 /* ListUsersView.xib in Resources */,
			);
			runOnlyForDeploymentPostprocessing = 0;
		};
		A39CF06D27C270C500DE5DD8 /* Resources */ = {
			isa = PBXResourcesBuildPhase;
			buildActionMask = 2147483647;
			files = (
			);
			runOnlyForDeploymentPostprocessing = 0;
		};
		A39CF07727C270C500DE5DD8 /* Resources */ = {
			isa = PBXResourcesBuildPhase;
			buildActionMask = 2147483647;
			files = (
			);
			runOnlyForDeploymentPostprocessing = 0;
		};
/* End PBXResourcesBuildPhase section */

/* Begin PBXShellScriptBuildPhase section */
		698CDD90CA1EC9627B83E40F /* [CP] Check Pods Manifest.lock */ = {
			isa = PBXShellScriptBuildPhase;
			buildActionMask = 2147483647;
			files = (
			);
			inputFileListPaths = (
			);
			inputPaths = (
				"${PODS_PODFILE_DIR_PATH}/Podfile.lock",
				"${PODS_ROOT}/Manifest.lock",
			);
			name = "[CP] Check Pods Manifest.lock";
			outputFileListPaths = (
			);
			outputPaths = (
				"$(DERIVED_FILE_DIR)/Pods-CoffeYeiTests-checkManifestLockResult.txt",
			);
			runOnlyForDeploymentPostprocessing = 0;
			shellPath = /bin/sh;
			shellScript = "diff \"${PODS_PODFILE_DIR_PATH}/Podfile.lock\" \"${PODS_ROOT}/Manifest.lock\" > /dev/null\nif [ $? != 0 ] ; then\n    # print error to STDERR\n    echo \"error: The sandbox is not in sync with the Podfile.lock. Run 'pod install' or update your CocoaPods installation.\" >&2\n    exit 1\nfi\n# This output is used by Xcode 'outputs' to avoid re-running this script phase.\necho \"SUCCESS\" > \"${SCRIPT_OUTPUT_FILE_0}\"\n";
			showEnvVarsInLog = 0;
		};
		719930F94C0FB6ACE31B2334 /* [CP] Embed Pods Frameworks */ = {
			isa = PBXShellScriptBuildPhase;
			buildActionMask = 2147483647;
			files = (
			);
			inputFileListPaths = (
				"${PODS_ROOT}/Target Support Files/Pods-CoffeYei-CoffeYeiUITests/Pods-CoffeYei-CoffeYeiUITests-frameworks-${CONFIGURATION}-input-files.xcfilelist",
			);
			name = "[CP] Embed Pods Frameworks";
			outputFileListPaths = (
				"${PODS_ROOT}/Target Support Files/Pods-CoffeYei-CoffeYeiUITests/Pods-CoffeYei-CoffeYeiUITests-frameworks-${CONFIGURATION}-output-files.xcfilelist",
			);
			runOnlyForDeploymentPostprocessing = 0;
			shellPath = /bin/sh;
			shellScript = "\"${PODS_ROOT}/Target Support Files/Pods-CoffeYei-CoffeYeiUITests/Pods-CoffeYei-CoffeYeiUITests-frameworks.sh\"\n";
			showEnvVarsInLog = 0;
		};
		C7D8645732FFE617B3BD0B46 /* [CP] Embed Pods Frameworks */ = {
			isa = PBXShellScriptBuildPhase;
			buildActionMask = 2147483647;
			files = (
			);
			inputFileListPaths = (
				"${PODS_ROOT}/Target Support Files/Pods-CoffeYei/Pods-CoffeYei-frameworks-${CONFIGURATION}-input-files.xcfilelist",
			);
			name = "[CP] Embed Pods Frameworks";
			outputFileListPaths = (
				"${PODS_ROOT}/Target Support Files/Pods-CoffeYei/Pods-CoffeYei-frameworks-${CONFIGURATION}-output-files.xcfilelist",
			);
			runOnlyForDeploymentPostprocessing = 0;
			shellPath = /bin/sh;
			shellScript = "\"${PODS_ROOT}/Target Support Files/Pods-CoffeYei/Pods-CoffeYei-frameworks.sh\"\n";
			showEnvVarsInLog = 0;
		};
		D14389F3CD7CD5DCEB1A0324 /* [CP] Check Pods Manifest.lock */ = {
			isa = PBXShellScriptBuildPhase;
			buildActionMask = 2147483647;
			files = (
			);
			inputFileListPaths = (
			);
			inputPaths = (
				"${PODS_PODFILE_DIR_PATH}/Podfile.lock",
				"${PODS_ROOT}/Manifest.lock",
			);
			name = "[CP] Check Pods Manifest.lock";
			outputFileListPaths = (
			);
			outputPaths = (
				"$(DERIVED_FILE_DIR)/Pods-CoffeYei-checkManifestLockResult.txt",
			);
			runOnlyForDeploymentPostprocessing = 0;
			shellPath = /bin/sh;
			shellScript = "diff \"${PODS_PODFILE_DIR_PATH}/Podfile.lock\" \"${PODS_ROOT}/Manifest.lock\" > /dev/null\nif [ $? != 0 ] ; then\n    # print error to STDERR\n    echo \"error: The sandbox is not in sync with the Podfile.lock. Run 'pod install' or update your CocoaPods installation.\" >&2\n    exit 1\nfi\n# This output is used by Xcode 'outputs' to avoid re-running this script phase.\necho \"SUCCESS\" > \"${SCRIPT_OUTPUT_FILE_0}\"\n";
			showEnvVarsInLog = 0;
		};
		E6D5AB9C9C03603DB00BD835 /* [CP] Check Pods Manifest.lock */ = {
			isa = PBXShellScriptBuildPhase;
			buildActionMask = 2147483647;
			files = (
			);
			inputFileListPaths = (
			);
			inputPaths = (
				"${PODS_PODFILE_DIR_PATH}/Podfile.lock",
				"${PODS_ROOT}/Manifest.lock",
			);
			name = "[CP] Check Pods Manifest.lock";
			outputFileListPaths = (
			);
			outputPaths = (
				"$(DERIVED_FILE_DIR)/Pods-CoffeYei-CoffeYeiUITests-checkManifestLockResult.txt",
			);
			runOnlyForDeploymentPostprocessing = 0;
			shellPath = /bin/sh;
			shellScript = "diff \"${PODS_PODFILE_DIR_PATH}/Podfile.lock\" \"${PODS_ROOT}/Manifest.lock\" > /dev/null\nif [ $? != 0 ] ; then\n    # print error to STDERR\n    echo \"error: The sandbox is not in sync with the Podfile.lock. Run 'pod install' or update your CocoaPods installation.\" >&2\n    exit 1\nfi\n# This output is used by Xcode 'outputs' to avoid re-running this script phase.\necho \"SUCCESS\" > \"${SCRIPT_OUTPUT_FILE_0}\"\n";
			showEnvVarsInLog = 0;
		};
/* End PBXShellScriptBuildPhase section */

/* Begin PBXSourcesBuildPhase section */
		A39CF05527C270C300DE5DD8 /* Sources */ = {
			isa = PBXSourcesBuildPhase;
			buildActionMask = 2147483647;
			files = (
				A3F0261827C5A0D000A262E5 /* ListUsersRouter.swift in Sources */,
				A34F07FA27C2922200D52FA8 /* ExtensionsString.swift in Sources */,
				A39CF05D27C270C300DE5DD8 /* AppDelegate.swift in Sources */,
				A39CF09C27C272BE00DE5DD8 /* Interactor.swift in Sources */,
				A39CF09A27C272B300DE5DD8 /* Presenter.swift in Sources */,
				A3F0263027C5BC1700A262E5 /* UserTableViewCell.swift in Sources */,
				A3F0262927C5A9F400A262E5 /* User.swift in Sources */,
				A3F0262627C5A91300A262E5 /* RepositoriesAPI.swift in Sources */,
				A3F0261927C5A0D000A262E5 /* ListUsersViewController.swift in Sources */,
				A3F0261027C59EBD00A262E5 /* TargetType.swift in Sources */,
				A3F0261727C5A0D000A262E5 /* ListUsersPresenter.swift in Sources */,
				A3F0261F27C5A51F00A262E5 /* BaseAPI.swift in Sources */,
				A3F0262227C5A65100A262E5 /* RepositoriesNetworking.swift in Sources */,
				A3F0262427C5A82100A262E5 /* Constants.swift in Sources */,
			);
			runOnlyForDeploymentPostprocessing = 0;
		};
		A39CF06B27C270C500DE5DD8 /* Sources */ = {
			isa = PBXSourcesBuildPhase;
			buildActionMask = 2147483647;
			files = (
				A39CF07427C270C500DE5DD8 /* CoffeYeiTests.swift in Sources */,
			);
			runOnlyForDeploymentPostprocessing = 0;
		};
		A39CF07527C270C500DE5DD8 /* Sources */ = {
			isa = PBXSourcesBuildPhase;
			buildActionMask = 2147483647;
			files = (
				A39CF08027C270C500DE5DD8 /* CoffeYeiUITestsLaunchTests.swift in Sources */,
				A39CF07E27C270C500DE5DD8 /* CoffeYeiUITests.swift in Sources */,
			);
			runOnlyForDeploymentPostprocessing = 0;
		};
/* End PBXSourcesBuildPhase section */

/* Begin PBXTargetDependency section */
		A39CF07127C270C500DE5DD8 /* PBXTargetDependency */ = {
			isa = PBXTargetDependency;
			target = A39CF05827C270C300DE5DD8 /* CoffeYei */;
			targetProxy = A39CF07027C270C500DE5DD8 /* PBXContainerItemProxy */;
		};
		A39CF07B27C270C500DE5DD8 /* PBXTargetDependency */ = {
			isa = PBXTargetDependency;
			target = A39CF05827C270C300DE5DD8 /* CoffeYei */;
			targetProxy = A39CF07A27C270C500DE5DD8 /* PBXContainerItemProxy */;
		};
/* End PBXTargetDependency section */

/* Begin PBXVariantGroup section */
		A39CF06727C270C400DE5DD8 /* LaunchScreen.storyboard */ = {
			isa = PBXVariantGroup;
			children = (
				A39CF06827C270C400DE5DD8 /* Base */,
			);
			name = LaunchScreen.storyboard;
			sourceTree = "<group>";
		};
		A39CF0B027C2767800DE5DD8 /* Localizable.strings */ = {
			isa = PBXVariantGroup;
			children = (
				A39CF0AF27C2767800DE5DD8 /* en */,
				A39CF0B227C2770300DE5DD8 /* es */,
			);
			name = Localizable.strings;
			sourceTree = "<group>";
		};
/* End PBXVariantGroup section */

/* Begin XCBuildConfiguration section */
		A39CF08127C270C500DE5DD8 /* Debug */ = {
			isa = XCBuildConfiguration;
			buildSettings = {
				ALWAYS_SEARCH_USER_PATHS = NO;
				CLANG_ANALYZER_LOCALIZABILITY_NONLOCALIZED = YES;
				CLANG_ANALYZER_NONNULL = YES;
				CLANG_ANALYZER_NUMBER_OBJECT_CONVERSION = YES_AGGRESSIVE;
				CLANG_CXX_LANGUAGE_STANDARD = "gnu++17";
				CLANG_CXX_LIBRARY = "libc++";
				CLANG_ENABLE_MODULES = YES;
				CLANG_ENABLE_OBJC_ARC = YES;
				CLANG_ENABLE_OBJC_WEAK = YES;
				CLANG_WARN_BLOCK_CAPTURE_AUTORELEASING = YES;
				CLANG_WARN_BOOL_CONVERSION = YES;
				CLANG_WARN_COMMA = YES;
				CLANG_WARN_CONSTANT_CONVERSION = YES;
				CLANG_WARN_DEPRECATED_OBJC_IMPLEMENTATIONS = YES;
				CLANG_WARN_DIRECT_OBJC_ISA_USAGE = YES_ERROR;
				CLANG_WARN_DOCUMENTATION_COMMENTS = YES;
				CLANG_WARN_EMPTY_BODY = YES;
				CLANG_WARN_ENUM_CONVERSION = YES;
				CLANG_WARN_INFINITE_RECURSION = YES;
				CLANG_WARN_INT_CONVERSION = YES;
				CLANG_WARN_NON_LITERAL_NULL_CONVERSION = YES;
				CLANG_WARN_OBJC_IMPLICIT_RETAIN_SELF = YES;
				CLANG_WARN_OBJC_LITERAL_CONVERSION = YES;
				CLANG_WARN_OBJC_ROOT_CLASS = YES_ERROR;
				CLANG_WARN_QUOTED_INCLUDE_IN_FRAMEWORK_HEADER = YES;
				CLANG_WARN_RANGE_LOOP_ANALYSIS = YES;
				CLANG_WARN_STRICT_PROTOTYPES = YES;
				CLANG_WARN_SUSPICIOUS_MOVE = YES;
				CLANG_WARN_UNGUARDED_AVAILABILITY = YES_AGGRESSIVE;
				CLANG_WARN_UNREACHABLE_CODE = YES;
				CLANG_WARN__DUPLICATE_METHOD_MATCH = YES;
				COPY_PHASE_STRIP = NO;
				DEBUG_INFORMATION_FORMAT = dwarf;
				ENABLE_STRICT_OBJC_MSGSEND = YES;
				ENABLE_TESTABILITY = YES;
				GCC_C_LANGUAGE_STANDARD = gnu11;
				GCC_DYNAMIC_NO_PIC = NO;
				GCC_NO_COMMON_BLOCKS = YES;
				GCC_OPTIMIZATION_LEVEL = 0;
				GCC_PREPROCESSOR_DEFINITIONS = (
					"DEBUG=1",
					"$(inherited)",
				);
				GCC_WARN_64_TO_32_BIT_CONVERSION = YES;
				GCC_WARN_ABOUT_RETURN_TYPE = YES_ERROR;
				GCC_WARN_UNDECLARED_SELECTOR = YES;
				GCC_WARN_UNINITIALIZED_AUTOS = YES_AGGRESSIVE;
				GCC_WARN_UNUSED_FUNCTION = YES;
				GCC_WARN_UNUSED_VARIABLE = YES;
				IPHONEOS_DEPLOYMENT_TARGET = 14.0;
				MTL_ENABLE_DEBUG_INFO = INCLUDE_SOURCE;
				MTL_FAST_MATH = YES;
				ONLY_ACTIVE_ARCH = YES;
				SDKROOT = iphoneos;
				SWIFT_ACTIVE_COMPILATION_CONDITIONS = DEBUG;
				SWIFT_OPTIMIZATION_LEVEL = "-Onone";
			};
			name = Debug;
		};
		A39CF08227C270C500DE5DD8 /* Release */ = {
			isa = XCBuildConfiguration;
			buildSettings = {
				ALWAYS_SEARCH_USER_PATHS = NO;
				CLANG_ANALYZER_LOCALIZABILITY_NONLOCALIZED = YES;
				CLANG_ANALYZER_NONNULL = YES;
				CLANG_ANALYZER_NUMBER_OBJECT_CONVERSION = YES_AGGRESSIVE;
				CLANG_CXX_LANGUAGE_STANDARD = "gnu++17";
				CLANG_CXX_LIBRARY = "libc++";
				CLANG_ENABLE_MODULES = YES;
				CLANG_ENABLE_OBJC_ARC = YES;
				CLANG_ENABLE_OBJC_WEAK = YES;
				CLANG_WARN_BLOCK_CAPTURE_AUTORELEASING = YES;
				CLANG_WARN_BOOL_CONVERSION = YES;
				CLANG_WARN_COMMA = YES;
				CLANG_WARN_CONSTANT_CONVERSION = YES;
				CLANG_WARN_DEPRECATED_OBJC_IMPLEMENTATIONS = YES;
				CLANG_WARN_DIRECT_OBJC_ISA_USAGE = YES_ERROR;
				CLANG_WARN_DOCUMENTATION_COMMENTS = YES;
				CLANG_WARN_EMPTY_BODY = YES;
				CLANG_WARN_ENUM_CONVERSION = YES;
				CLANG_WARN_INFINITE_RECURSION = YES;
				CLANG_WARN_INT_CONVERSION = YES;
				CLANG_WARN_NON_LITERAL_NULL_CONVERSION = YES;
				CLANG_WARN_OBJC_IMPLICIT_RETAIN_SELF = YES;
				CLANG_WARN_OBJC_LITERAL_CONVERSION = YES;
				CLANG_WARN_OBJC_ROOT_CLASS = YES_ERROR;
				CLANG_WARN_QUOTED_INCLUDE_IN_FRAMEWORK_HEADER = YES;
				CLANG_WARN_RANGE_LOOP_ANALYSIS = YES;
				CLANG_WARN_STRICT_PROTOTYPES = YES;
				CLANG_WARN_SUSPICIOUS_MOVE = YES;
				CLANG_WARN_UNGUARDED_AVAILABILITY = YES_AGGRESSIVE;
				CLANG_WARN_UNREACHABLE_CODE = YES;
				CLANG_WARN__DUPLICATE_METHOD_MATCH = YES;
				COPY_PHASE_STRIP = NO;
				DEBUG_INFORMATION_FORMAT = "dwarf-with-dsym";
				ENABLE_NS_ASSERTIONS = NO;
				ENABLE_STRICT_OBJC_MSGSEND = YES;
				GCC_C_LANGUAGE_STANDARD = gnu11;
				GCC_NO_COMMON_BLOCKS = YES;
				GCC_WARN_64_TO_32_BIT_CONVERSION = YES;
				GCC_WARN_ABOUT_RETURN_TYPE = YES_ERROR;
				GCC_WARN_UNDECLARED_SELECTOR = YES;
				GCC_WARN_UNINITIALIZED_AUTOS = YES_AGGRESSIVE;
				GCC_WARN_UNUSED_FUNCTION = YES;
				GCC_WARN_UNUSED_VARIABLE = YES;
				IPHONEOS_DEPLOYMENT_TARGET = 14.0;
				MTL_ENABLE_DEBUG_INFO = NO;
				MTL_FAST_MATH = YES;
				SDKROOT = iphoneos;
				SWIFT_COMPILATION_MODE = wholemodule;
				SWIFT_OPTIMIZATION_LEVEL = "-O";
				VALIDATE_PRODUCT = YES;
			};
			name = Release;
		};
		A39CF08427C270C500DE5DD8 /* Debug */ = {
			isa = XCBuildConfiguration;
			baseConfigurationReference = 4790FDAF50003F858585A8F1 /* Pods-CoffeYei.debug.xcconfig */;
			buildSettings = {
				ASSETCATALOG_COMPILER_APPICON_NAME = AppIcon;
				ASSETCATALOG_COMPILER_GLOBAL_ACCENT_COLOR_NAME = AccentColor;
				CODE_SIGN_IDENTITY = "Apple Development";
				CODE_SIGN_STYLE = Automatic;
				CURRENT_PROJECT_VERSION = 1;
				DEVELOPMENT_TEAM = 2QD776TQMX;
				GENERATE_INFOPLIST_FILE = YES;
				INFOPLIST_FILE = CoffeYei/Info.plist;
				INFOPLIST_KEY_UIApplicationSupportsIndirectInputEvents = YES;
				INFOPLIST_KEY_UILaunchStoryboardName = LaunchScreen;
				INFOPLIST_KEY_UIRequiredDeviceCapabilities = armv7;
				INFOPLIST_KEY_UISupportedInterfaceOrientations = UIInterfaceOrientationPortrait;
				INFOPLIST_KEY_UISupportedInterfaceOrientations_iPad = "UIInterfaceOrientationPortrait UIInterfaceOrientationPortraitUpsideDown UIInterfaceOrientationLandscapeLeft UIInterfaceOrientationLandscapeRight";
				INFOPLIST_KEY_UISupportedInterfaceOrientations_iPhone = "UIInterfaceOrientationPortrait UIInterfaceOrientationLandscapeLeft UIInterfaceOrientationLandscapeRight";
				LD_RUNPATH_SEARCH_PATHS = (
					"$(inherited)",
					"@executable_path/Frameworks",
				);
				MARKETING_VERSION = 1.0;
				PRODUCT_BUNDLE_IDENTIFIER = MiguelJaimes.CoffeYei;
				PRODUCT_NAME = "$(TARGET_NAME)";
				PROVISIONING_PROFILE_SPECIFIER = "";
				SWIFT_EMIT_LOC_STRINGS = YES;
				SWIFT_VERSION = 5.0;
				TARGETED_DEVICE_FAMILY = 1;
			};
			name = Debug;
		};
		A39CF08527C270C500DE5DD8 /* Release */ = {
			isa = XCBuildConfiguration;
			baseConfigurationReference = 704DFA57D38B179A4F54BBC4 /* Pods-CoffeYei.release.xcconfig */;
			buildSettings = {
				ASSETCATALOG_COMPILER_APPICON_NAME = AppIcon;
				ASSETCATALOG_COMPILER_GLOBAL_ACCENT_COLOR_NAME = AccentColor;
				CODE_SIGN_IDENTITY = "Apple Development";
				CODE_SIGN_STYLE = Automatic;
				CURRENT_PROJECT_VERSION = 1;
				DEVELOPMENT_TEAM = 2QD776TQMX;
				GENERATE_INFOPLIST_FILE = YES;
				INFOPLIST_FILE = CoffeYei/Info.plist;
				INFOPLIST_KEY_UIApplicationSupportsIndirectInputEvents = YES;
				INFOPLIST_KEY_UILaunchStoryboardName = LaunchScreen;
				INFOPLIST_KEY_UIRequiredDeviceCapabilities = armv7;
				INFOPLIST_KEY_UISupportedInterfaceOrientations = UIInterfaceOrientationPortrait;
				INFOPLIST_KEY_UISupportedInterfaceOrientations_iPad = "UIInterfaceOrientationPortrait UIInterfaceOrientationPortraitUpsideDown UIInterfaceOrientationLandscapeLeft UIInterfaceOrientationLandscapeRight";
				INFOPLIST_KEY_UISupportedInterfaceOrientations_iPhone = "UIInterfaceOrientationPortrait UIInterfaceOrientationLandscapeLeft UIInterfaceOrientationLandscapeRight";
				LD_RUNPATH_SEARCH_PATHS = (
					"$(inherited)",
					"@executable_path/Frameworks",
				);
				MARKETING_VERSION = 1.0;
				PRODUCT_BUNDLE_IDENTIFIER = MiguelJaimes.CoffeYei;
				PRODUCT_NAME = "$(TARGET_NAME)";
				PROVISIONING_PROFILE_SPECIFIER = "";
				SWIFT_EMIT_LOC_STRINGS = YES;
				SWIFT_VERSION = 5.0;
				TARGETED_DEVICE_FAMILY = 1;
			};
			name = Release;
		};
		A39CF08727C270C500DE5DD8 /* Debug */ = {
			isa = XCBuildConfiguration;
			baseConfigurationReference = F50DB52DF3DDAD781B356592 /* Pods-CoffeYeiTests.debug.xcconfig */;
			buildSettings = {
				ALWAYS_EMBED_SWIFT_STANDARD_LIBRARIES = YES;
				BUNDLE_LOADER = "$(TEST_HOST)";
				CODE_SIGN_STYLE = Automatic;
				CURRENT_PROJECT_VERSION = 1;
				DEVELOPMENT_TEAM = 2QD776TQMX;
				GENERATE_INFOPLIST_FILE = YES;
				IPHONEOS_DEPLOYMENT_TARGET = 15.0;
				LD_RUNPATH_SEARCH_PATHS = (
					"$(inherited)",
					"@executable_path/Frameworks",
					"@loader_path/Frameworks",
				);
				MARKETING_VERSION = 1.0;
				PRODUCT_BUNDLE_IDENTIFIER = MiguelJaimes.CoffeYeiTests;
				PRODUCT_NAME = "$(TARGET_NAME)";
				SWIFT_EMIT_LOC_STRINGS = NO;
				SWIFT_VERSION = 5.0;
				TARGETED_DEVICE_FAMILY = "1,2";
				TEST_HOST = "$(BUILT_PRODUCTS_DIR)/CoffeYei.app/CoffeYei";
			};
			name = Debug;
		};
		A39CF08827C270C500DE5DD8 /* Release */ = {
			isa = XCBuildConfiguration;
			baseConfigurationReference = C3CB483089BF1A9B6D774D2E /* Pods-CoffeYeiTests.release.xcconfig */;
			buildSettings = {
				ALWAYS_EMBED_SWIFT_STANDARD_LIBRARIES = YES;
				BUNDLE_LOADER = "$(TEST_HOST)";
				CODE_SIGN_STYLE = Automatic;
				CURRENT_PROJECT_VERSION = 1;
				DEVELOPMENT_TEAM = 2QD776TQMX;
				GENERATE_INFOPLIST_FILE = YES;
				IPHONEOS_DEPLOYMENT_TARGET = 15.0;
				LD_RUNPATH_SEARCH_PATHS = (
					"$(inherited)",
					"@executable_path/Frameworks",
					"@loader_path/Frameworks",
				);
				MARKETING_VERSION = 1.0;
				PRODUCT_BUNDLE_IDENTIFIER = MiguelJaimes.CoffeYeiTests;
				PRODUCT_NAME = "$(TARGET_NAME)";
				SWIFT_EMIT_LOC_STRINGS = NO;
				SWIFT_VERSION = 5.0;
				TARGETED_DEVICE_FAMILY = "1,2";
				TEST_HOST = "$(BUILT_PRODUCTS_DIR)/CoffeYei.app/CoffeYei";
			};
			name = Release;
		};
		A39CF08A27C270C500DE5DD8 /* Debug */ = {
			isa = XCBuildConfiguration;
			baseConfigurationReference = B04D4848AAD7D062D8222C99 /* Pods-CoffeYei-CoffeYeiUITests.debug.xcconfig */;
			buildSettings = {
				ALWAYS_EMBED_SWIFT_STANDARD_LIBRARIES = YES;
				CODE_SIGN_STYLE = Automatic;
				CURRENT_PROJECT_VERSION = 1;
				DEVELOPMENT_TEAM = 2QD776TQMX;
				GENERATE_INFOPLIST_FILE = YES;
				LD_RUNPATH_SEARCH_PATHS = (
					"$(inherited)",
					"@executable_path/Frameworks",
					"@loader_path/Frameworks",
				);
				MARKETING_VERSION = 1.0;
				PRODUCT_BUNDLE_IDENTIFIER = MiguelJaimes.CoffeYeiUITests;
				PRODUCT_NAME = "$(TARGET_NAME)";
				SWIFT_EMIT_LOC_STRINGS = NO;
				SWIFT_VERSION = 5.0;
				TARGETED_DEVICE_FAMILY = "1,2";
				TEST_TARGET_NAME = CoffeYei;
			};
			name = Debug;
		};
		A39CF08B27C270C500DE5DD8 /* Release */ = {
			isa = XCBuildConfiguration;
			baseConfigurationReference = 6C9AFDF31AB49DAAB9D0BC49 /* Pods-CoffeYei-CoffeYeiUITests.release.xcconfig */;
			buildSettings = {
				ALWAYS_EMBED_SWIFT_STANDARD_LIBRARIES = YES;
				CODE_SIGN_STYLE = Automatic;
				CURRENT_PROJECT_VERSION = 1;
				DEVELOPMENT_TEAM = 2QD776TQMX;
				GENERATE_INFOPLIST_FILE = YES;
				LD_RUNPATH_SEARCH_PATHS = (
					"$(inherited)",
					"@executable_path/Frameworks",
					"@loader_path/Frameworks",
				);
				MARKETING_VERSION = 1.0;
				PRODUCT_BUNDLE_IDENTIFIER = MiguelJaimes.CoffeYeiUITests;
				PRODUCT_NAME = "$(TARGET_NAME)";
				SWIFT_EMIT_LOC_STRINGS = NO;
				SWIFT_VERSION = 5.0;
				TARGETED_DEVICE_FAMILY = "1,2";
				TEST_TARGET_NAME = CoffeYei;
			};
			name = Release;
		};
/* End XCBuildConfiguration section */

/* Begin XCConfigurationList section */
		A39CF05427C270C300DE5DD8 /* Build configuration list for PBXProject "CoffeYei" */ = {
			isa = XCConfigurationList;
			buildConfigurations = (
				A39CF08127C270C500DE5DD8 /* Debug */,
				A39CF08227C270C500DE5DD8 /* Release */,
			);
			defaultConfigurationIsVisible = 0;
			defaultConfigurationName = Release;
		};
		A39CF08327C270C500DE5DD8 /* Build configuration list for PBXNativeTarget "CoffeYei" */ = {
			isa = XCConfigurationList;
			buildConfigurations = (
				A39CF08427C270C500DE5DD8 /* Debug */,
				A39CF08527C270C500DE5DD8 /* Release */,
			);
			defaultConfigurationIsVisible = 0;
			defaultConfigurationName = Release;
		};
		A39CF08627C270C500DE5DD8 /* Build configuration list for PBXNativeTarget "CoffeYeiTests" */ = {
			isa = XCConfigurationList;
			buildConfigurations = (
				A39CF08727C270C500DE5DD8 /* Debug */,
				A39CF08827C270C500DE5DD8 /* Release */,
			);
			defaultConfigurationIsVisible = 0;
			defaultConfigurationName = Release;
		};
		A39CF08927C270C500DE5DD8 /* Build configuration list for PBXNativeTarget "CoffeYeiUITests" */ = {
			isa = XCConfigurationList;
			buildConfigurations = (
				A39CF08A27C270C500DE5DD8 /* Debug */,
				A39CF08B27C270C500DE5DD8 /* Release */,
			);
			defaultConfigurationIsVisible = 0;
			defaultConfigurationName = Release;
		};
/* End XCConfigurationList section */
	};
	rootObject = A39CF05127C270C300DE5DD8 /* Project object */;
}
